
Microsoft Visual Studio Solution File, Format Version 12.00
# Visual Studio Version 16
VisualStudioVersion = 16.0.28803.202
MinimumVisualStudioVersion = 10.0.40219.1
Project("{FAE04EC0-301F-11D3-BF4B-00C04F79EFBC}") = "Hesap Makinesi 2", "Hesap Makinesi 2.csproj", "{ABE0C022-BED8-449A-8892-D6A773FB6824}"
EndProject
Global
	GlobalSection(SolutionConfigurationPlatforms) = preSolution
		Debug|Any CPU = Debug|Any CPU
		Release|Any CPU = Release|Any CPU
	EndGlobalSection
	GlobalSection(ProjectConfigurationPlatforms) = postSolution
		{ABE0C022-BED8-449A-8892-D6A773FB6824}.Debug|Any CPU.ActiveCfg = Debug|Any CPU
		{ABE0C022-BED8-449A-8892-D6A773FB6824}.Debug|Any CPU.Build.0 = Debug|Any CPU
		{ABE0C022-BED8-449A-8892-D6A773FB6824}.Release|Any CPU.ActiveCfg = Release|Any CPU
		{ABE0C022-BED8-449A-8892-D6A773FB6824}.Release|Any CPU.Build.0 = Release|Any CPU
	EndGlobalSection
	GlobalSection(SolutionProperties) = preSolution
		HideSolutionNode = FALSE
	EndGlobalSection
	GlobalSection(ExtensibilityGlobals) = postSolution
		SolutionGuid = {BE1B58B8-7CA2-44C6-8390-D22420E2DEF1}
	EndGlobalSection
EndGlobal
