
Microsoft Visual Studio Solution File, Format Version 12.00
# Visual Studio Version 17
VisualStudioVersion = 17.3.32901.215
MinimumVisualStudioVersion = 10.0.40219.1
Project("{FAE04EC0-301F-11D3-BF4B-00C04F79EFBC}") = "odev2", "odev2\odev2.csproj", "{F553BE09-E062-45B4-A7F1-67E215960C87}"
EndProject
Global
	GlobalSection(SolutionConfigurationPlatforms) = preSolution
		Debug|Any CPU = Debug|Any CPU
		Release|Any CPU = Release|Any CPU
	EndGlobalSection
	GlobalSection(ProjectConfigurationPlatforms) = postSolution
		{F553BE09-E062-45B4-A7F1-67E215960C87}.Debug|Any CPU.ActiveCfg = Debug|Any CPU
		{F553BE09-E062-45B4-A7F1-67E215960C87}.Debug|Any CPU.Build.0 = Debug|Any CPU
		{F553BE09-E062-45B4-A7F1-67E215960C87}.Release|Any CPU.ActiveCfg = Release|Any CPU
		{F553BE09-E062-45B4-A7F1-67E215960C87}.Release|Any CPU.Build.0 = Release|Any CPU
	EndGlobalSection
	GlobalSection(SolutionProperties) = preSolution
		HideSolutionNode = FALSE
	EndGlobalSection
	GlobalSection(ExtensibilityGlobals) = postSolution
		SolutionGuid = {D5E80DCD-3F0D-4A56-9258-83EB7EFA535B}
	EndGlobalSection
EndGlobal
