
Microsoft Visual Studio Solution File, Format Version 12.00
# Visual Studio Version 17
VisualStudioVersion = 17.3.32901.215
MinimumVisualStudioVersion = 10.0.40219.1
Project("{FAE04EC0-301F-11D3-BF4B-00C04F79EFBC}") = "odev3", "odev3\odev3.csproj", "{12A20CBF-7646-4FA0-BCF4-D3EA3067B198}"
EndProject
Global
	GlobalSection(SolutionConfigurationPlatforms) = preSolution
		Debug|Any CPU = Debug|Any CPU
		Release|Any CPU = Release|Any CPU
	EndGlobalSection
	GlobalSection(ProjectConfigurationPlatforms) = postSolution
		{12A20CBF-7646-4FA0-BCF4-D3EA3067B198}.Debug|Any CPU.ActiveCfg = Debug|Any CPU
		{12A20CBF-7646-4FA0-BCF4-D3EA3067B198}.Debug|Any CPU.Build.0 = Debug|Any CPU
		{12A20CBF-7646-4FA0-BCF4-D3EA3067B198}.Release|Any CPU.ActiveCfg = Release|Any CPU
		{12A20CBF-7646-4FA0-BCF4-D3EA3067B198}.Release|Any CPU.Build.0 = Release|Any CPU
	EndGlobalSection
	GlobalSection(SolutionProperties) = preSolution
		HideSolutionNode = FALSE
	EndGlobalSection
	GlobalSection(ExtensibilityGlobals) = postSolution
		SolutionGuid = {983F7816-D754-494E-8A47-836AE84A481C}
	EndGlobalSection
EndGlobal
