
Microsoft Visual Studio Solution File, Format Version 12.00
# Visual Studio Version 17
VisualStudioVersion = 17.3.32901.215
MinimumVisualStudioVersion = 10.0.40219.1
Project("{FAE04EC0-301F-11D3-BF4B-00C04F79EFBC}") = "VeriTipi", "VeriTipi\VeriTipi.csproj", "{3E293BE6-83A3-4C41-8C23-96228038D63A}"
EndProject
Project("{FAE04EC0-301F-11D3-BF4B-00C04F79EFBC}") = "degiskenler", "degiskenler\degiskenler.csproj", "{C9D2B73B-07CE-4CEB-AA86-735CCE5AD52F}"
EndProject
Global
	GlobalSection(SolutionConfigurationPlatforms) = preSolution
		Debug|Any CPU = Debug|Any CPU
		Release|Any CPU = Release|Any CPU
	EndGlobalSection
	GlobalSection(ProjectConfigurationPlatforms) = postSolution
		{3E293BE6-83A3-4C41-8C23-96228038D63A}.Debug|Any CPU.ActiveCfg = Debug|Any CPU
		{3E293BE6-83A3-4C41-8C23-96228038D63A}.Debug|Any CPU.Build.0 = Debug|Any CPU
		{3E293BE6-83A3-4C41-8C23-96228038D63A}.Release|Any CPU.ActiveCfg = Release|Any CPU
		{3E293BE6-83A3-4C41-8C23-96228038D63A}.Release|Any CPU.Build.0 = Release|Any CPU
		{C9D2B73B-07CE-4CEB-AA86-735CCE5AD52F}.Debug|Any CPU.ActiveCfg = Debug|Any CPU
		{C9D2B73B-07CE-4CEB-AA86-735CCE5AD52F}.Debug|Any CPU.Build.0 = Debug|Any CPU
		{C9D2B73B-07CE-4CEB-AA86-735CCE5AD52F}.Release|Any CPU.ActiveCfg = Release|Any CPU
		{C9D2B73B-07CE-4CEB-AA86-735CCE5AD52F}.Release|Any CPU.Build.0 = Release|Any CPU
	EndGlobalSection
	GlobalSection(SolutionProperties) = preSolution
		HideSolutionNode = FALSE
	EndGlobalSection
	GlobalSection(ExtensibilityGlobals) = postSolution
		SolutionGuid = {57AA156A-EE1A-417D-B064-874C96B0A48C}
	EndGlobalSection
EndGlobal
