
Microsoft Visual Studio Solution File, Format Version 12.00
# Visual Studio Version 17
VisualStudioVersion = 17.3.32901.215
MinimumVisualStudioVersion = 10.0.40219.1
Project("{FAE04EC0-301F-11D3-BF4B-00C04F79EFBC}") = "ConsoleApp", "ConsoleApp\ConsoleApp.csproj", "{30AC9EB2-D495-43D1-A839-890373B44B45}"
EndProject
Project("{FAE04EC0-301F-11D3-BF4B-00C04F79EFBC}") = "deneme2", "deneme2\deneme2.csproj", "{8DC64DC8-65B7-4DD0-BDBA-BCE454D0ADC8}"
EndProject
Global
	GlobalSection(SolutionConfigurationPlatforms) = preSolution
		Debug|Any CPU = Debug|Any CPU
		Release|Any CPU = Release|Any CPU
	EndGlobalSection
	GlobalSection(ProjectConfigurationPlatforms) = postSolution
		{30AC9EB2-D495-43D1-A839-890373B44B45}.Debug|Any CPU.ActiveCfg = Debug|Any CPU
		{30AC9EB2-D495-43D1-A839-890373B44B45}.Debug|Any CPU.Build.0 = Debug|Any CPU
		{30AC9EB2-D495-43D1-A839-890373B44B45}.Release|Any CPU.ActiveCfg = Release|Any CPU
		{30AC9EB2-D495-43D1-A839-890373B44B45}.Release|Any CPU.Build.0 = Release|Any CPU
		{8DC64DC8-65B7-4DD0-BDBA-BCE454D0ADC8}.Debug|Any CPU.ActiveCfg = Debug|Any CPU
		{8DC64DC8-65B7-4DD0-BDBA-BCE454D0ADC8}.Debug|Any CPU.Build.0 = Debug|Any CPU
		{8DC64DC8-65B7-4DD0-BDBA-BCE454D0ADC8}.Release|Any CPU.ActiveCfg = Release|Any CPU
		{8DC64DC8-65B7-4DD0-BDBA-BCE454D0ADC8}.Release|Any CPU.Build.0 = Release|Any CPU
	EndGlobalSection
	GlobalSection(SolutionProperties) = preSolution
		HideSolutionNode = FALSE
	EndGlobalSection
	GlobalSection(ExtensibilityGlobals) = postSolution
		SolutionGuid = {F9E1CFE8-7584-4BD1-8407-00E354577542}
	EndGlobalSection
EndGlobal
