
Microsoft Visual Studio Solution File, Format Version 12.00
# Visual Studio Version 17
VisualStudioVersion = 17.3.32901.215
MinimumVisualStudioVersion = 10.0.40219.1
Project("{FAE04EC0-301F-11D3-BF4B-00C04F79EFBC}") = "ConsoleApp1", "ConsoleApp1\ConsoleApp1.csproj", "{CC41DF49-6815-488C-A9D5-DED9DAAF9CCA}"
EndProject
Global
	GlobalSection(SolutionConfigurationPlatforms) = preSolution
		Debug|Any CPU = Debug|Any CPU
		Release|Any CPU = Release|Any CPU
	EndGlobalSection
	GlobalSection(ProjectConfigurationPlatforms) = postSolution
		{CC41DF49-6815-488C-A9D5-DED9DAAF9CCA}.Debug|Any CPU.ActiveCfg = Debug|Any CPU
		{CC41DF49-6815-488C-A9D5-DED9DAAF9CCA}.Debug|Any CPU.Build.0 = Debug|Any CPU
		{CC41DF49-6815-488C-A9D5-DED9DAAF9CCA}.Release|Any CPU.ActiveCfg = Release|Any CPU
		{CC41DF49-6815-488C-A9D5-DED9DAAF9CCA}.Release|Any CPU.Build.0 = Release|Any CPU
	EndGlobalSection
	GlobalSection(SolutionProperties) = preSolution
		HideSolutionNode = FALSE
	EndGlobalSection
	GlobalSection(ExtensibilityGlobals) = postSolution
		SolutionGuid = {FF030628-2338-432B-8821-3D05CB1723BC}
	EndGlobalSection
EndGlobal
