
Microsoft Visual Studio Solution File, Format Version 12.00
# Visual Studio Version 17
VisualStudioVersion = 17.3.32929.385
MinimumVisualStudioVersion = 10.0.40219.1
Project("{FAE04EC0-301F-11D3-BF4B-00C04F79EFBC}") = "EntityFramework", "EntityFramework\EntityFramework.csproj", "{CD02C9B4-2038-486F-9C42-7FE59AC69766}"
EndProject
Global
	GlobalSection(SolutionConfigurationPlatforms) = preSolution
		Debug|Any CPU = Debug|Any CPU
		Release|Any CPU = Release|Any CPU
	EndGlobalSection
	GlobalSection(ProjectConfigurationPlatforms) = postSolution
		{CD02C9B4-2038-486F-9C42-7FE59AC69766}.Debug|Any CPU.ActiveCfg = Debug|Any CPU
		{CD02C9B4-2038-486F-9C42-7FE59AC69766}.Debug|Any CPU.Build.0 = Debug|Any CPU
		{CD02C9B4-2038-486F-9C42-7FE59AC69766}.Release|Any CPU.ActiveCfg = Release|Any CPU
		{CD02C9B4-2038-486F-9C42-7FE59AC69766}.Release|Any CPU.Build.0 = Release|Any CPU
	EndGlobalSection
	GlobalSection(SolutionProperties) = preSolution
		HideSolutionNode = FALSE
	EndGlobalSection
	GlobalSection(ExtensibilityGlobals) = postSolution
		SolutionGuid = {FDF8D0FA-1437-4154-BD1D-8DD348F5F0EA}
	EndGlobalSection
EndGlobal
