
Microsoft Visual Studio Solution File, Format Version 12.00
# Visual Studio Version 17
VisualStudioVersion = 17.3.32901.215
MinimumVisualStudioVersion = 10.0.40219.1
Project("{FAE04EC0-301F-11D3-BF4B-00C04F79EFBC}") = "VeriTipi", "VeriTipi\VeriTipi.csproj", "{3E293BE6-83A3-4C41-8C23-96228038D63A}"
EndProject
Project("{FAE04EC0-301F-11D3-BF4B-00C04F79EFBC}") = "degiskenler", "degiskenler\degiskenler.csproj", "{C9D2B73B-07CE-4CEB-AA86-735CCE5AD52F}"
EndProject
Project("{FAE04EC0-301F-11D3-BF4B-00C04F79EFBC}") = "fonksiyonlar", "fonksiyonlar\fonksiyonlar.csproj", "{E9476B52-658C-4D1D-A186-48530F778262}"
EndProject
Project("{FAE04EC0-301F-11D3-BF4B-00C04F79EFBC}") = "metotFonksiyon", "metotFonksiyon\metotFonksiyon.csproj", "{3266572F-821C-4816-A876-136EA8270AC4}"
EndProject
Project("{FAE04EC0-301F-11D3-BF4B-00C04F79EFBC}") = "VucutKitleIndexi", "VucutKitleIndexi\VucutKitleIndexi.csproj", "{DE167798-D179-464E-9B7C-65FAAE16BE25}"
EndProject
Project("{FAE04EC0-301F-11D3-BF4B-00C04F79EFBC}") = "CevreHesaplamasi", "CevreHesaplamasi\CevreHesaplamasi.csproj", "{953FE0F6-EDAC-4077-B1A2-448A3BE739E0}"
EndProject
Project("{FAE04EC0-301F-11D3-BF4B-00C04F79EFBC}") = "hesapmakinesi", "hesapmakinesi\hesapmakinesi.csproj", "{491B992D-C95D-4F25-A2FE-F4D2B978DDA8}"
EndProject
Project("{FAE04EC0-301F-11D3-BF4B-00C04F79EFBC}") = "Ornek1", "Ornek1\Ornek1.csproj", "{A7753789-A013-43AC-8B1B-1916F35D0A7A}"
EndProject
Project("{FAE04EC0-301F-11D3-BF4B-00C04F79EFBC}") = "Ornek2", "Ornek2\Ornek2.csproj", "{3DC2E1FD-F522-4A86-816D-49D1043A4524}"
EndProject
Project("{FAE04EC0-301F-11D3-BF4B-00C04F79EFBC}") = "Ornek3", "Ornek3\Ornek3.csproj", "{1761B80A-4340-41A4-9160-0C36A621ED97}"
EndProject
Project("{FAE04EC0-301F-11D3-BF4B-00C04F79EFBC}") = "Ornek4", "Ornek4\Ornek4.csproj", "{CCCA18E1-740D-4047-AB8B-7CB1572F2BBE}"
EndProject
Project("{FAE04EC0-301F-11D3-BF4B-00C04F79EFBC}") = "Ornek5", "Ornek5\Ornek5.csproj", "{03FC047E-845F-4909-BFD4-D72D5D342087}"
EndProject
Project("{FAE04EC0-301F-11D3-BF4B-00C04F79EFBC}") = "ConsoleApp1", "ConsoleApp1\ConsoleApp1.csproj", "{0DF3E686-D66D-4050-B8E7-CC3826C2000F}"
EndProject
Project("{FAE04EC0-301F-11D3-BF4B-00C04F79EFBC}") = "Ornek6", "Ornek6\Ornek6.csproj", "{9C7F891A-0588-4F3D-9D79-2639AB0A7921}"
EndProject
Project("{FAE04EC0-301F-11D3-BF4B-00C04F79EFBC}") = "OrnekDers", "OrnekDers\OrnekDers.csproj", "{6F95CDCD-46B7-4100-BE55-7EEEE4C036C5}"
EndProject
Project("{FAE04EC0-301F-11D3-BF4B-00C04F79EFBC}") = "YasHesapla1", "YasHesapla\YasHesapla1.csproj", "{56FC3B55-BDA1-4903-9D6B-C483974F11F4}"
EndProject
Project("{FAE04EC0-301F-11D3-BF4B-00C04F79EFBC}") = "interface", "interface\interface.csproj", "{97AB91BB-283C-4E14-A100-51EB461E6B2F}"
EndProject
Project("{FAE04EC0-301F-11D3-BF4B-00C04F79EFBC}") = "ClassOrnek", "ClassOrnek\ClassOrnek.csproj", "{9DC9E6F6-39D0-48AA-B57F-6A7BAE83F92E}"
EndProject
Project("{FAE04EC0-301F-11D3-BF4B-00C04F79EFBC}") = "cevreAlana", "cevreAlana\cevreAlana.csproj", "{F56D7DC6-3436-4C54-8C86-D015EA18246E}"
EndProject
Project("{FAE04EC0-301F-11D3-BF4B-00C04F79EFBC}") = "interfaceornek", "interfaceornek\interfaceornek.csproj", "{C1009F50-289F-4709-BB10-D1278711F857}"
EndProject
Project("{FAE04EC0-301F-11D3-BF4B-00C04F79EFBC}") = "dersOrnek1", "dersOrnek1\dersOrnek1.csproj", "{F8EF69C2-37AD-45EF-B23E-8F3A111AD176}"
EndProject
Project("{FAE04EC0-301F-11D3-BF4B-00C04F79EFBC}") = "Muhasebe", "Muhasebe\Muhasebe.csproj", "{43920EB2-195A-47D5-8651-64A2BC5212AC}"
EndProject
Project("{FAE04EC0-301F-11D3-BF4B-00C04F79EFBC}") = "interface2", "interface2\interface2.csproj", "{E211246E-41CC-4385-AC00-7FF33D01B83D}"
EndProject
Project("{FAE04EC0-301F-11D3-BF4B-00C04F79EFBC}") = "interface3", "interface3\interface3.csproj", "{B69533F5-7B3B-49E9-BC19-A007012BF6DC}"
EndProject
Project("{FAE04EC0-301F-11D3-BF4B-00C04F79EFBC}") = "Kalitim", "Kalitim\Kalitim.csproj", "{86B2F1AA-2DCC-4D2D-B289-2F5774457946}"
EndProject
Project("{FAE04EC0-301F-11D3-BF4B-00C04F79EFBC}") = "Ornek10", "Ornek10\Ornek10.csproj", "{FA8BB1CA-FB69-4C6B-99DB-081354BCF22A}"
EndProject
Project("{FAE04EC0-301F-11D3-BF4B-00C04F79EFBC}") = "Ornek11", "Ornek11\Ornek11.csproj", "{B91A2EC3-E134-433E-BAA2-C351FFB40AC8}"
EndProject
Project("{FAE04EC0-301F-11D3-BF4B-00C04F79EFBC}") = "Ornek12", "Ornek12\Ornek12.csproj", "{9FC82E9C-F26B-4222-95EF-DDD86B9BD8E8}"
EndProject
Project("{FAE04EC0-301F-11D3-BF4B-00C04F79EFBC}") = "Ornek13", "Ornek13\Ornek13.csproj", "{FCCE9AD4-7E67-4578-B76E-ECFFE5F912BC}"
EndProject
Project("{FAE04EC0-301F-11D3-BF4B-00C04F79EFBC}") = "Ornek14", "Ornek14\Ornek14.csproj", "{95079B1F-AC07-43EE-A9AC-DB480E22DCD5}"
EndProject
Project("{FAE04EC0-301F-11D3-BF4B-00C04F79EFBC}") = "Ornek15", "Ornek15\Ornek15.csproj", "{CC4A6A0C-CDF2-4F0A-B892-2A159EEF3C24}"
EndProject
Project("{FAE04EC0-301F-11D3-BF4B-00C04F79EFBC}") = "Ornek16", "Ornek16\Ornek16.csproj", "{2EFA469C-A1A0-4980-A496-A6A1DA46AAED}"
EndProject
Project("{FAE04EC0-301F-11D3-BF4B-00C04F79EFBC}") = "Ornek17", "Ornek17\Ornek17.csproj", "{19431F75-219A-4687-93CF-59AA7D788E74}"
EndProject
Project("{FAE04EC0-301F-11D3-BF4B-00C04F79EFBC}") = "Ornek18", "Ornek18\Ornek18.csproj", "{B88C96E7-D7D5-4491-AB14-9D8FEDF3F045}"
EndProject
Project("{FAE04EC0-301F-11D3-BF4B-00C04F79EFBC}") = "Odev19", "Odev19\Odev19.csproj", "{D2DBC5C1-8AE0-4DC2-9497-B5A2B8A37CF9}"
EndProject
Project("{FAE04EC0-301F-11D3-BF4B-00C04F79EFBC}") = "Ornek19", "Ornek19\Ornek19.csproj", "{A3D7908D-0F45-4BFB-BD40-A9EF17425495}"
EndProject
Project("{FAE04EC0-301F-11D3-BF4B-00C04F79EFBC}") = "Ornek20", "Ornek20\Ornek20.csproj", "{F5273985-0CBF-480B-BEA6-6C3BBBEC241F}"
EndProject
Project("{FAE04EC0-301F-11D3-BF4B-00C04F79EFBC}") = "Ornek21", "Ornek21\Ornek21.csproj", "{D8D74205-7398-498D-8F18-D75D1DF2CAB4}"
EndProject
Project("{FAE04EC0-301F-11D3-BF4B-00C04F79EFBC}") = "Ornek22", "Ornek22\Ornek22.csproj", "{1D2235E6-9180-40BE-AD40-DAF78B7DE30B}"
EndProject
Project("{FAE04EC0-301F-11D3-BF4B-00C04F79EFBC}") = "Ornek23", "Ornek23\Ornek23.csproj", "{D9D23BDC-E0D1-4A90-87F4-E7F0E1DD0452}"
EndProject
Project("{FAE04EC0-301F-11D3-BF4B-00C04F79EFBC}") = "Ornek24MukemmelSayilar", "Ornek24MukemmelSayilar\Ornek24MukemmelSayilar.csproj", "{35341CAB-3AEF-46E6-B5C7-FDDC5BEBCAC2}"
EndProject
Project("{FAE04EC0-301F-11D3-BF4B-00C04F79EFBC}") = "Ornek25", "Ornek25\Ornek25.csproj", "{2B19E574-1F5F-49B6-90A0-1EC9FBC6BDE1}"
EndProject
Project("{FAE04EC0-301F-11D3-BF4B-00C04F79EFBC}") = "Ornek26", "Ornek26\Ornek26.csproj", "{083FA3B6-EA61-4AE8-B0FB-70756249D282}"
EndProject
Project("{FAE04EC0-301F-11D3-BF4B-00C04F79EFBC}") = "Ornek27", "Ornek27\Ornek27.csproj", "{0056323D-38D8-418E-8B3C-CDD44FF4945D}"
EndProject
Project("{FAE04EC0-301F-11D3-BF4B-00C04F79EFBC}") = "Ornek28", "Ornek28\Ornek28.csproj", "{FB15DA82-F8EA-468E-91F3-95E47ED26902}"
EndProject
Project("{FAE04EC0-301F-11D3-BF4B-00C04F79EFBC}") = "Ornek29", "Ornek29\Ornek29.csproj", "{B5BDB93E-86FC-4BDA-866F-184854318234}"
EndProject
Project("{FAE04EC0-301F-11D3-BF4B-00C04F79EFBC}") = "Ornek30", "Ornek30\Ornek30.csproj", "{36A14DE9-B2A8-47B8-91B9-E23C4BEFFD46}"
EndProject
Project("{FAE04EC0-301F-11D3-BF4B-00C04F79EFBC}") = "Ornek31", "Ornek31\Ornek31.csproj", "{946B52E0-D67D-4E79-8616-64FF340CD502}"
EndProject
Project("{FAE04EC0-301F-11D3-BF4B-00C04F79EFBC}") = "Ornek32", "Ornek32\Ornek32.csproj", "{A2F074AE-B665-4AD8-97C2-332810931B7D}"
EndProject
Project("{FAE04EC0-301F-11D3-BF4B-00C04F79EFBC}") = "Ornek33", "Ornek33\Ornek33.csproj", "{41E0D878-2C59-4798-8D34-FFC4942C5EFB}"
EndProject
Project("{FAE04EC0-301F-11D3-BF4B-00C04F79EFBC}") = "Ornek35", "Ornek35\Ornek35.csproj", "{98CDA8C0-2566-47BF-8F58-23141654C982}"
EndProject
Project("{FAE04EC0-301F-11D3-BF4B-00C04F79EFBC}") = "Ornek36", "Ornek36\Ornek36.csproj", "{1E1DF99E-66D4-49F2-B290-6F632BEEF2BC}"
EndProject
Project("{FAE04EC0-301F-11D3-BF4B-00C04F79EFBC}") = "Ornek37", "Ornek37\Ornek37.csproj", "{67EDBA43-35A0-4B12-9A8D-A90C0D6EE2BD}"
EndProject
Project("{FAE04EC0-301F-11D3-BF4B-00C04F79EFBC}") = "Ornek38", "Ornek38\Ornek38.csproj", "{6DEFD85A-BAA9-4EBF-BD47-26FCF8DBA324}"
EndProject
Project("{FAE04EC0-301F-11D3-BF4B-00C04F79EFBC}") = "Ornek40", "Ornek40\Ornek40.csproj", "{2FBE9828-F4FA-4167-A6D1-4CD148840E8A}"
EndProject
Project("{FAE04EC0-301F-11D3-BF4B-00C04F79EFBC}") = "Ornek39", "Ornek39\Ornek39.csproj", "{0D67E4AA-BD30-4324-819F-4B018CF4C694}"
EndProject
Global
	GlobalSection(SolutionConfigurationPlatforms) = preSolution
		Debug|Any CPU = Debug|Any CPU
		Release|Any CPU = Release|Any CPU
	EndGlobalSection
	GlobalSection(ProjectConfigurationPlatforms) = postSolution
		{3E293BE6-83A3-4C41-8C23-96228038D63A}.Debug|Any CPU.ActiveCfg = Debug|Any CPU
		{3E293BE6-83A3-4C41-8C23-96228038D63A}.Debug|Any CPU.Build.0 = Debug|Any CPU
		{3E293BE6-83A3-4C41-8C23-96228038D63A}.Release|Any CPU.ActiveCfg = Release|Any CPU
		{3E293BE6-83A3-4C41-8C23-96228038D63A}.Release|Any CPU.Build.0 = Release|Any CPU
		{C9D2B73B-07CE-4CEB-AA86-735CCE5AD52F}.Debug|Any CPU.ActiveCfg = Debug|Any CPU
		{C9D2B73B-07CE-4CEB-AA86-735CCE5AD52F}.Debug|Any CPU.Build.0 = Debug|Any CPU
		{C9D2B73B-07CE-4CEB-AA86-735CCE5AD52F}.Release|Any CPU.ActiveCfg = Release|Any CPU
		{C9D2B73B-07CE-4CEB-AA86-735CCE5AD52F}.Release|Any CPU.Build.0 = Release|Any CPU
		{E9476B52-658C-4D1D-A186-48530F778262}.Debug|Any CPU.ActiveCfg = Debug|Any CPU
		{E9476B52-658C-4D1D-A186-48530F778262}.Debug|Any CPU.Build.0 = Debug|Any CPU
		{E9476B52-658C-4D1D-A186-48530F778262}.Release|Any CPU.ActiveCfg = Release|Any CPU
		{E9476B52-658C-4D1D-A186-48530F778262}.Release|Any CPU.Build.0 = Release|Any CPU
		{3266572F-821C-4816-A876-136EA8270AC4}.Debug|Any CPU.ActiveCfg = Debug|Any CPU
		{3266572F-821C-4816-A876-136EA8270AC4}.Debug|Any CPU.Build.0 = Debug|Any CPU
		{3266572F-821C-4816-A876-136EA8270AC4}.Release|Any CPU.ActiveCfg = Release|Any CPU
		{3266572F-821C-4816-A876-136EA8270AC4}.Release|Any CPU.Build.0 = Release|Any CPU
		{DE167798-D179-464E-9B7C-65FAAE16BE25}.Debug|Any CPU.ActiveCfg = Debug|Any CPU
		{DE167798-D179-464E-9B7C-65FAAE16BE25}.Debug|Any CPU.Build.0 = Debug|Any CPU
		{DE167798-D179-464E-9B7C-65FAAE16BE25}.Release|Any CPU.ActiveCfg = Release|Any CPU
		{DE167798-D179-464E-9B7C-65FAAE16BE25}.Release|Any CPU.Build.0 = Release|Any CPU
		{953FE0F6-EDAC-4077-B1A2-448A3BE739E0}.Debug|Any CPU.ActiveCfg = Debug|Any CPU
		{953FE0F6-EDAC-4077-B1A2-448A3BE739E0}.Debug|Any CPU.Build.0 = Debug|Any CPU
		{953FE0F6-EDAC-4077-B1A2-448A3BE739E0}.Release|Any CPU.ActiveCfg = Release|Any CPU
		{953FE0F6-EDAC-4077-B1A2-448A3BE739E0}.Release|Any CPU.Build.0 = Release|Any CPU
		{491B992D-C95D-4F25-A2FE-F4D2B978DDA8}.Debug|Any CPU.ActiveCfg = Debug|Any CPU
		{491B992D-C95D-4F25-A2FE-F4D2B978DDA8}.Debug|Any CPU.Build.0 = Debug|Any CPU
		{491B992D-C95D-4F25-A2FE-F4D2B978DDA8}.Release|Any CPU.ActiveCfg = Release|Any CPU
		{491B992D-C95D-4F25-A2FE-F4D2B978DDA8}.Release|Any CPU.Build.0 = Release|Any CPU
		{A7753789-A013-43AC-8B1B-1916F35D0A7A}.Debug|Any CPU.ActiveCfg = Debug|Any CPU
		{A7753789-A013-43AC-8B1B-1916F35D0A7A}.Debug|Any CPU.Build.0 = Debug|Any CPU
		{A7753789-A013-43AC-8B1B-1916F35D0A7A}.Release|Any CPU.ActiveCfg = Release|Any CPU
		{A7753789-A013-43AC-8B1B-1916F35D0A7A}.Release|Any CPU.Build.0 = Release|Any CPU
		{3DC2E1FD-F522-4A86-816D-49D1043A4524}.Debug|Any CPU.ActiveCfg = Debug|Any CPU
		{3DC2E1FD-F522-4A86-816D-49D1043A4524}.Debug|Any CPU.Build.0 = Debug|Any CPU
		{3DC2E1FD-F522-4A86-816D-49D1043A4524}.Release|Any CPU.ActiveCfg = Release|Any CPU
		{3DC2E1FD-F522-4A86-816D-49D1043A4524}.Release|Any CPU.Build.0 = Release|Any CPU
		{1761B80A-4340-41A4-9160-0C36A621ED97}.Debug|Any CPU.ActiveCfg = Debug|Any CPU
		{1761B80A-4340-41A4-9160-0C36A621ED97}.Debug|Any CPU.Build.0 = Debug|Any CPU
		{1761B80A-4340-41A4-9160-0C36A621ED97}.Release|Any CPU.ActiveCfg = Release|Any CPU
		{1761B80A-4340-41A4-9160-0C36A621ED97}.Release|Any CPU.Build.0 = Release|Any CPU
		{CCCA18E1-740D-4047-AB8B-7CB1572F2BBE}.Debug|Any CPU.ActiveCfg = Debug|Any CPU
		{CCCA18E1-740D-4047-AB8B-7CB1572F2BBE}.Debug|Any CPU.Build.0 = Debug|Any CPU
		{CCCA18E1-740D-4047-AB8B-7CB1572F2BBE}.Release|Any CPU.ActiveCfg = Release|Any CPU
		{CCCA18E1-740D-4047-AB8B-7CB1572F2BBE}.Release|Any CPU.Build.0 = Release|Any CPU
		{03FC047E-845F-4909-BFD4-D72D5D342087}.Debug|Any CPU.ActiveCfg = Debug|Any CPU
		{03FC047E-845F-4909-BFD4-D72D5D342087}.Debug|Any CPU.Build.0 = Debug|Any CPU
		{03FC047E-845F-4909-BFD4-D72D5D342087}.Release|Any CPU.ActiveCfg = Release|Any CPU
		{03FC047E-845F-4909-BFD4-D72D5D342087}.Release|Any CPU.Build.0 = Release|Any CPU
		{0DF3E686-D66D-4050-B8E7-CC3826C2000F}.Debug|Any CPU.ActiveCfg = Debug|Any CPU
		{0DF3E686-D66D-4050-B8E7-CC3826C2000F}.Debug|Any CPU.Build.0 = Debug|Any CPU
		{0DF3E686-D66D-4050-B8E7-CC3826C2000F}.Release|Any CPU.ActiveCfg = Release|Any CPU
		{0DF3E686-D66D-4050-B8E7-CC3826C2000F}.Release|Any CPU.Build.0 = Release|Any CPU
		{9C7F891A-0588-4F3D-9D79-2639AB0A7921}.Debug|Any CPU.ActiveCfg = Debug|Any CPU
		{9C7F891A-0588-4F3D-9D79-2639AB0A7921}.Debug|Any CPU.Build.0 = Debug|Any CPU
		{9C7F891A-0588-4F3D-9D79-2639AB0A7921}.Release|Any CPU.ActiveCfg = Release|Any CPU
		{9C7F891A-0588-4F3D-9D79-2639AB0A7921}.Release|Any CPU.Build.0 = Release|Any CPU
		{6F95CDCD-46B7-4100-BE55-7EEEE4C036C5}.Debug|Any CPU.ActiveCfg = Debug|Any CPU
		{6F95CDCD-46B7-4100-BE55-7EEEE4C036C5}.Debug|Any CPU.Build.0 = Debug|Any CPU
		{6F95CDCD-46B7-4100-BE55-7EEEE4C036C5}.Release|Any CPU.ActiveCfg = Release|Any CPU
		{6F95CDCD-46B7-4100-BE55-7EEEE4C036C5}.Release|Any CPU.Build.0 = Release|Any CPU
		{56FC3B55-BDA1-4903-9D6B-C483974F11F4}.Debug|Any CPU.ActiveCfg = Debug|Any CPU
		{56FC3B55-BDA1-4903-9D6B-C483974F11F4}.Debug|Any CPU.Build.0 = Debug|Any CPU
		{56FC3B55-BDA1-4903-9D6B-C483974F11F4}.Release|Any CPU.ActiveCfg = Release|Any CPU
		{56FC3B55-BDA1-4903-9D6B-C483974F11F4}.Release|Any CPU.Build.0 = Release|Any CPU
		{97AB91BB-283C-4E14-A100-51EB461E6B2F}.Debug|Any CPU.ActiveCfg = Debug|Any CPU
		{97AB91BB-283C-4E14-A100-51EB461E6B2F}.Debug|Any CPU.Build.0 = Debug|Any CPU
		{97AB91BB-283C-4E14-A100-51EB461E6B2F}.Release|Any CPU.ActiveCfg = Release|Any CPU
		{97AB91BB-283C-4E14-A100-51EB461E6B2F}.Release|Any CPU.Build.0 = Release|Any CPU
		{9DC9E6F6-39D0-48AA-B57F-6A7BAE83F92E}.Debug|Any CPU.ActiveCfg = Debug|Any CPU
		{9DC9E6F6-39D0-48AA-B57F-6A7BAE83F92E}.Debug|Any CPU.Build.0 = Debug|Any CPU
		{9DC9E6F6-39D0-48AA-B57F-6A7BAE83F92E}.Release|Any CPU.ActiveCfg = Release|Any CPU
		{9DC9E6F6-39D0-48AA-B57F-6A7BAE83F92E}.Release|Any CPU.Build.0 = Release|Any CPU
		{F56D7DC6-3436-4C54-8C86-D015EA18246E}.Debug|Any CPU.ActiveCfg = Debug|Any CPU
		{F56D7DC6-3436-4C54-8C86-D015EA18246E}.Debug|Any CPU.Build.0 = Debug|Any CPU
		{F56D7DC6-3436-4C54-8C86-D015EA18246E}.Release|Any CPU.ActiveCfg = Release|Any CPU
		{F56D7DC6-3436-4C54-8C86-D015EA18246E}.Release|Any CPU.Build.0 = Release|Any CPU
		{C1009F50-289F-4709-BB10-D1278711F857}.Debug|Any CPU.ActiveCfg = Debug|Any CPU
		{C1009F50-289F-4709-BB10-D1278711F857}.Debug|Any CPU.Build.0 = Debug|Any CPU
		{C1009F50-289F-4709-BB10-D1278711F857}.Release|Any CPU.ActiveCfg = Release|Any CPU
		{C1009F50-289F-4709-BB10-D1278711F857}.Release|Any CPU.Build.0 = Release|Any CPU
		{F8EF69C2-37AD-45EF-B23E-8F3A111AD176}.Debug|Any CPU.ActiveCfg = Debug|Any CPU
		{F8EF69C2-37AD-45EF-B23E-8F3A111AD176}.Debug|Any CPU.Build.0 = Debug|Any CPU
		{F8EF69C2-37AD-45EF-B23E-8F3A111AD176}.Release|Any CPU.ActiveCfg = Release|Any CPU
		{F8EF69C2-37AD-45EF-B23E-8F3A111AD176}.Release|Any CPU.Build.0 = Release|Any CPU
		{43920EB2-195A-47D5-8651-64A2BC5212AC}.Debug|Any CPU.ActiveCfg = Debug|Any CPU
		{43920EB2-195A-47D5-8651-64A2BC5212AC}.Debug|Any CPU.Build.0 = Debug|Any CPU
		{43920EB2-195A-47D5-8651-64A2BC5212AC}.Release|Any CPU.ActiveCfg = Release|Any CPU
		{43920EB2-195A-47D5-8651-64A2BC5212AC}.Release|Any CPU.Build.0 = Release|Any CPU
		{E211246E-41CC-4385-AC00-7FF33D01B83D}.Debug|Any CPU.ActiveCfg = Debug|Any CPU
		{E211246E-41CC-4385-AC00-7FF33D01B83D}.Debug|Any CPU.Build.0 = Debug|Any CPU
		{E211246E-41CC-4385-AC00-7FF33D01B83D}.Release|Any CPU.ActiveCfg = Release|Any CPU
		{E211246E-41CC-4385-AC00-7FF33D01B83D}.Release|Any CPU.Build.0 = Release|Any CPU
		{B69533F5-7B3B-49E9-BC19-A007012BF6DC}.Debug|Any CPU.ActiveCfg = Debug|Any CPU
		{B69533F5-7B3B-49E9-BC19-A007012BF6DC}.Debug|Any CPU.Build.0 = Debug|Any CPU
		{B69533F5-7B3B-49E9-BC19-A007012BF6DC}.Release|Any CPU.ActiveCfg = Release|Any CPU
		{B69533F5-7B3B-49E9-BC19-A007012BF6DC}.Release|Any CPU.Build.0 = Release|Any CPU
		{86B2F1AA-2DCC-4D2D-B289-2F5774457946}.Debug|Any CPU.ActiveCfg = Debug|Any CPU
		{86B2F1AA-2DCC-4D2D-B289-2F5774457946}.Debug|Any CPU.Build.0 = Debug|Any CPU
		{86B2F1AA-2DCC-4D2D-B289-2F5774457946}.Release|Any CPU.ActiveCfg = Release|Any CPU
		{86B2F1AA-2DCC-4D2D-B289-2F5774457946}.Release|Any CPU.Build.0 = Release|Any CPU
		{FA8BB1CA-FB69-4C6B-99DB-081354BCF22A}.Debug|Any CPU.ActiveCfg = Debug|Any CPU
		{FA8BB1CA-FB69-4C6B-99DB-081354BCF22A}.Debug|Any CPU.Build.0 = Debug|Any CPU
		{FA8BB1CA-FB69-4C6B-99DB-081354BCF22A}.Release|Any CPU.ActiveCfg = Release|Any CPU
		{FA8BB1CA-FB69-4C6B-99DB-081354BCF22A}.Release|Any CPU.Build.0 = Release|Any CPU
		{B91A2EC3-E134-433E-BAA2-C351FFB40AC8}.Debug|Any CPU.ActiveCfg = Debug|Any CPU
		{B91A2EC3-E134-433E-BAA2-C351FFB40AC8}.Debug|Any CPU.Build.0 = Debug|Any CPU
		{B91A2EC3-E134-433E-BAA2-C351FFB40AC8}.Release|Any CPU.ActiveCfg = Release|Any CPU
		{B91A2EC3-E134-433E-BAA2-C351FFB40AC8}.Release|Any CPU.Build.0 = Release|Any CPU
		{9FC82E9C-F26B-4222-95EF-DDD86B9BD8E8}.Debug|Any CPU.ActiveCfg = Debug|Any CPU
		{9FC82E9C-F26B-4222-95EF-DDD86B9BD8E8}.Debug|Any CPU.Build.0 = Debug|Any CPU
		{9FC82E9C-F26B-4222-95EF-DDD86B9BD8E8}.Release|Any CPU.ActiveCfg = Release|Any CPU
		{9FC82E9C-F26B-4222-95EF-DDD86B9BD8E8}.Release|Any CPU.Build.0 = Release|Any CPU
		{FCCE9AD4-7E67-4578-B76E-ECFFE5F912BC}.Debug|Any CPU.ActiveCfg = Debug|Any CPU
		{FCCE9AD4-7E67-4578-B76E-ECFFE5F912BC}.Debug|Any CPU.Build.0 = Debug|Any CPU
		{FCCE9AD4-7E67-4578-B76E-ECFFE5F912BC}.Release|Any CPU.ActiveCfg = Release|Any CPU
		{FCCE9AD4-7E67-4578-B76E-ECFFE5F912BC}.Release|Any CPU.Build.0 = Release|Any CPU
		{95079B1F-AC07-43EE-A9AC-DB480E22DCD5}.Debug|Any CPU.ActiveCfg = Debug|Any CPU
		{95079B1F-AC07-43EE-A9AC-DB480E22DCD5}.Debug|Any CPU.Build.0 = Debug|Any CPU
		{95079B1F-AC07-43EE-A9AC-DB480E22DCD5}.Release|Any CPU.ActiveCfg = Release|Any CPU
		{95079B1F-AC07-43EE-A9AC-DB480E22DCD5}.Release|Any CPU.Build.0 = Release|Any CPU
		{CC4A6A0C-CDF2-4F0A-B892-2A159EEF3C24}.Debug|Any CPU.ActiveCfg = Debug|Any CPU
		{CC4A6A0C-CDF2-4F0A-B892-2A159EEF3C24}.Debug|Any CPU.Build.0 = Debug|Any CPU
		{CC4A6A0C-CDF2-4F0A-B892-2A159EEF3C24}.Release|Any CPU.ActiveCfg = Release|Any CPU
		{CC4A6A0C-CDF2-4F0A-B892-2A159EEF3C24}.Release|Any CPU.Build.0 = Release|Any CPU
		{2EFA469C-A1A0-4980-A496-A6A1DA46AAED}.Debug|Any CPU.ActiveCfg = Debug|Any CPU
		{2EFA469C-A1A0-4980-A496-A6A1DA46AAED}.Debug|Any CPU.Build.0 = Debug|Any CPU
		{2EFA469C-A1A0-4980-A496-A6A1DA46AAED}.Release|Any CPU.ActiveCfg = Release|Any CPU
		{2EFA469C-A1A0-4980-A496-A6A1DA46AAED}.Release|Any CPU.Build.0 = Release|Any CPU
		{19431F75-219A-4687-93CF-59AA7D788E74}.Debug|Any CPU.ActiveCfg = Debug|Any CPU
		{19431F75-219A-4687-93CF-59AA7D788E74}.Debug|Any CPU.Build.0 = Debug|Any CPU
		{19431F75-219A-4687-93CF-59AA7D788E74}.Release|Any CPU.ActiveCfg = Release|Any CPU
		{19431F75-219A-4687-93CF-59AA7D788E74}.Release|Any CPU.Build.0 = Release|Any CPU
		{B88C96E7-D7D5-4491-AB14-9D8FEDF3F045}.Debug|Any CPU.ActiveCfg = Debug|Any CPU
		{B88C96E7-D7D5-4491-AB14-9D8FEDF3F045}.Debug|Any CPU.Build.0 = Debug|Any CPU
		{B88C96E7-D7D5-4491-AB14-9D8FEDF3F045}.Release|Any CPU.ActiveCfg = Release|Any CPU
		{B88C96E7-D7D5-4491-AB14-9D8FEDF3F045}.Release|Any CPU.Build.0 = Release|Any CPU
		{D2DBC5C1-8AE0-4DC2-9497-B5A2B8A37CF9}.Debug|Any CPU.ActiveCfg = Debug|Any CPU
		{D2DBC5C1-8AE0-4DC2-9497-B5A2B8A37CF9}.Debug|Any CPU.Build.0 = Debug|Any CPU
		{D2DBC5C1-8AE0-4DC2-9497-B5A2B8A37CF9}.Release|Any CPU.ActiveCfg = Release|Any CPU
		{D2DBC5C1-8AE0-4DC2-9497-B5A2B8A37CF9}.Release|Any CPU.Build.0 = Release|Any CPU
		{A3D7908D-0F45-4BFB-BD40-A9EF17425495}.Debug|Any CPU.ActiveCfg = Debug|Any CPU
		{A3D7908D-0F45-4BFB-BD40-A9EF17425495}.Debug|Any CPU.Build.0 = Debug|Any CPU
		{A3D7908D-0F45-4BFB-BD40-A9EF17425495}.Release|Any CPU.ActiveCfg = Release|Any CPU
		{A3D7908D-0F45-4BFB-BD40-A9EF17425495}.Release|Any CPU.Build.0 = Release|Any CPU
		{F5273985-0CBF-480B-BEA6-6C3BBBEC241F}.Debug|Any CPU.ActiveCfg = Debug|Any CPU
		{F5273985-0CBF-480B-BEA6-6C3BBBEC241F}.Debug|Any CPU.Build.0 = Debug|Any CPU
		{F5273985-0CBF-480B-BEA6-6C3BBBEC241F}.Release|Any CPU.ActiveCfg = Release|Any CPU
		{F5273985-0CBF-480B-BEA6-6C3BBBEC241F}.Release|Any CPU.Build.0 = Release|Any CPU
		{D8D74205-7398-498D-8F18-D75D1DF2CAB4}.Debug|Any CPU.ActiveCfg = Debug|Any CPU
		{D8D74205-7398-498D-8F18-D75D1DF2CAB4}.Debug|Any CPU.Build.0 = Debug|Any CPU
		{D8D74205-7398-498D-8F18-D75D1DF2CAB4}.Release|Any CPU.ActiveCfg = Release|Any CPU
		{D8D74205-7398-498D-8F18-D75D1DF2CAB4}.Release|Any CPU.Build.0 = Release|Any CPU
		{1D2235E6-9180-40BE-AD40-DAF78B7DE30B}.Debug|Any CPU.ActiveCfg = Debug|Any CPU
		{1D2235E6-9180-40BE-AD40-DAF78B7DE30B}.Debug|Any CPU.Build.0 = Debug|Any CPU
		{1D2235E6-9180-40BE-AD40-DAF78B7DE30B}.Release|Any CPU.ActiveCfg = Release|Any CPU
		{1D2235E6-9180-40BE-AD40-DAF78B7DE30B}.Release|Any CPU.Build.0 = Release|Any CPU
		{D9D23BDC-E0D1-4A90-87F4-E7F0E1DD0452}.Debug|Any CPU.ActiveCfg = Debug|Any CPU
		{D9D23BDC-E0D1-4A90-87F4-E7F0E1DD0452}.Debug|Any CPU.Build.0 = Debug|Any CPU
		{D9D23BDC-E0D1-4A90-87F4-E7F0E1DD0452}.Release|Any CPU.ActiveCfg = Release|Any CPU
		{D9D23BDC-E0D1-4A90-87F4-E7F0E1DD0452}.Release|Any CPU.Build.0 = Release|Any CPU
		{35341CAB-3AEF-46E6-B5C7-FDDC5BEBCAC2}.Debug|Any CPU.ActiveCfg = Debug|Any CPU
		{35341CAB-3AEF-46E6-B5C7-FDDC5BEBCAC2}.Debug|Any CPU.Build.0 = Debug|Any CPU
		{35341CAB-3AEF-46E6-B5C7-FDDC5BEBCAC2}.Release|Any CPU.ActiveCfg = Release|Any CPU
		{35341CAB-3AEF-46E6-B5C7-FDDC5BEBCAC2}.Release|Any CPU.Build.0 = Release|Any CPU
		{2B19E574-1F5F-49B6-90A0-1EC9FBC6BDE1}.Debug|Any CPU.ActiveCfg = Debug|Any CPU
		{2B19E574-1F5F-49B6-90A0-1EC9FBC6BDE1}.Debug|Any CPU.Build.0 = Debug|Any CPU
		{2B19E574-1F5F-49B6-90A0-1EC9FBC6BDE1}.Release|Any CPU.ActiveCfg = Release|Any CPU
		{2B19E574-1F5F-49B6-90A0-1EC9FBC6BDE1}.Release|Any CPU.Build.0 = Release|Any CPU
		{083FA3B6-EA61-4AE8-B0FB-70756249D282}.Debug|Any CPU.ActiveCfg = Debug|Any CPU
		{083FA3B6-EA61-4AE8-B0FB-70756249D282}.Debug|Any CPU.Build.0 = Debug|Any CPU
		{083FA3B6-EA61-4AE8-B0FB-70756249D282}.Release|Any CPU.ActiveCfg = Release|Any CPU
		{083FA3B6-EA61-4AE8-B0FB-70756249D282}.Release|Any CPU.Build.0 = Release|Any CPU
		{0056323D-38D8-418E-8B3C-CDD44FF4945D}.Debug|Any CPU.ActiveCfg = Debug|Any CPU
		{0056323D-38D8-418E-8B3C-CDD44FF4945D}.Debug|Any CPU.Build.0 = Debug|Any CPU
		{0056323D-38D8-418E-8B3C-CDD44FF4945D}.Release|Any CPU.ActiveCfg = Release|Any CPU
		{0056323D-38D8-418E-8B3C-CDD44FF4945D}.Release|Any CPU.Build.0 = Release|Any CPU
		{FB15DA82-F8EA-468E-91F3-95E47ED26902}.Debug|Any CPU.ActiveCfg = Debug|Any CPU
		{FB15DA82-F8EA-468E-91F3-95E47ED26902}.Debug|Any CPU.Build.0 = Debug|Any CPU
		{FB15DA82-F8EA-468E-91F3-95E47ED26902}.Release|Any CPU.ActiveCfg = Release|Any CPU
		{FB15DA82-F8EA-468E-91F3-95E47ED26902}.Release|Any CPU.Build.0 = Release|Any CPU
		{B5BDB93E-86FC-4BDA-866F-184854318234}.Debug|Any CPU.ActiveCfg = Debug|Any CPU
		{B5BDB93E-86FC-4BDA-866F-184854318234}.Debug|Any CPU.Build.0 = Debug|Any CPU
		{B5BDB93E-86FC-4BDA-866F-184854318234}.Release|Any CPU.ActiveCfg = Release|Any CPU
		{B5BDB93E-86FC-4BDA-866F-184854318234}.Release|Any CPU.Build.0 = Release|Any CPU
		{36A14DE9-B2A8-47B8-91B9-E23C4BEFFD46}.Debug|Any CPU.ActiveCfg = Debug|Any CPU
		{36A14DE9-B2A8-47B8-91B9-E23C4BEFFD46}.Debug|Any CPU.Build.0 = Debug|Any CPU
		{36A14DE9-B2A8-47B8-91B9-E23C4BEFFD46}.Release|Any CPU.ActiveCfg = Release|Any CPU
		{36A14DE9-B2A8-47B8-91B9-E23C4BEFFD46}.Release|Any CPU.Build.0 = Release|Any CPU
		{946B52E0-D67D-4E79-8616-64FF340CD502}.Debug|Any CPU.ActiveCfg = Debug|Any CPU
		{946B52E0-D67D-4E79-8616-64FF340CD502}.Debug|Any CPU.Build.0 = Debug|Any CPU
		{946B52E0-D67D-4E79-8616-64FF340CD502}.Release|Any CPU.ActiveCfg = Release|Any CPU
		{946B52E0-D67D-4E79-8616-64FF340CD502}.Release|Any CPU.Build.0 = Release|Any CPU
		{A2F074AE-B665-4AD8-97C2-332810931B7D}.Debug|Any CPU.ActiveCfg = Debug|Any CPU
		{A2F074AE-B665-4AD8-97C2-332810931B7D}.Debug|Any CPU.Build.0 = Debug|Any CPU
		{A2F074AE-B665-4AD8-97C2-332810931B7D}.Release|Any CPU.ActiveCfg = Release|Any CPU
		{A2F074AE-B665-4AD8-97C2-332810931B7D}.Release|Any CPU.Build.0 = Release|Any CPU
		{41E0D878-2C59-4798-8D34-FFC4942C5EFB}.Debug|Any CPU.ActiveCfg = Debug|Any CPU
		{41E0D878-2C59-4798-8D34-FFC4942C5EFB}.Debug|Any CPU.Build.0 = Debug|Any CPU
		{41E0D878-2C59-4798-8D34-FFC4942C5EFB}.Release|Any CPU.ActiveCfg = Release|Any CPU
		{41E0D878-2C59-4798-8D34-FFC4942C5EFB}.Release|Any CPU.Build.0 = Release|Any CPU
		{98CDA8C0-2566-47BF-8F58-23141654C982}.Debug|Any CPU.ActiveCfg = Debug|Any CPU
		{98CDA8C0-2566-47BF-8F58-23141654C982}.Debug|Any CPU.Build.0 = Debug|Any CPU
		{98CDA8C0-2566-47BF-8F58-23141654C982}.Release|Any CPU.ActiveCfg = Release|Any CPU
		{98CDA8C0-2566-47BF-8F58-23141654C982}.Release|Any CPU.Build.0 = Release|Any CPU
		{1E1DF99E-66D4-49F2-B290-6F632BEEF2BC}.Debug|Any CPU.ActiveCfg = Debug|Any CPU
		{1E1DF99E-66D4-49F2-B290-6F632BEEF2BC}.Debug|Any CPU.Build.0 = Debug|Any CPU
		{1E1DF99E-66D4-49F2-B290-6F632BEEF2BC}.Release|Any CPU.ActiveCfg = Release|Any CPU
		{1E1DF99E-66D4-49F2-B290-6F632BEEF2BC}.Release|Any CPU.Build.0 = Release|Any CPU
		{67EDBA43-35A0-4B12-9A8D-A90C0D6EE2BD}.Debug|Any CPU.ActiveCfg = Debug|Any CPU
		{67EDBA43-35A0-4B12-9A8D-A90C0D6EE2BD}.Debug|Any CPU.Build.0 = Debug|Any CPU
		{67EDBA43-35A0-4B12-9A8D-A90C0D6EE2BD}.Release|Any CPU.ActiveCfg = Release|Any CPU
		{67EDBA43-35A0-4B12-9A8D-A90C0D6EE2BD}.Release|Any CPU.Build.0 = Release|Any CPU
		{6DEFD85A-BAA9-4EBF-BD47-26FCF8DBA324}.Debug|Any CPU.ActiveCfg = Debug|Any CPU
		{6DEFD85A-BAA9-4EBF-BD47-26FCF8DBA324}.Debug|Any CPU.Build.0 = Debug|Any CPU
		{6DEFD85A-BAA9-4EBF-BD47-26FCF8DBA324}.Release|Any CPU.ActiveCfg = Release|Any CPU
		{6DEFD85A-BAA9-4EBF-BD47-26FCF8DBA324}.Release|Any CPU.Build.0 = Release|Any CPU
		{2FBE9828-F4FA-4167-A6D1-4CD148840E8A}.Debug|Any CPU.ActiveCfg = Debug|Any CPU
		{2FBE9828-F4FA-4167-A6D1-4CD148840E8A}.Debug|Any CPU.Build.0 = Debug|Any CPU
		{2FBE9828-F4FA-4167-A6D1-4CD148840E8A}.Release|Any CPU.ActiveCfg = Release|Any CPU
		{2FBE9828-F4FA-4167-A6D1-4CD148840E8A}.Release|Any CPU.Build.0 = Release|Any CPU
		{0D67E4AA-BD30-4324-819F-4B018CF4C694}.Debug|Any CPU.ActiveCfg = Debug|Any CPU
		{0D67E4AA-BD30-4324-819F-4B018CF4C694}.Debug|Any CPU.Build.0 = Debug|Any CPU
		{0D67E4AA-BD30-4324-819F-4B018CF4C694}.Release|Any CPU.ActiveCfg = Release|Any CPU
		{0D67E4AA-BD30-4324-819F-4B018CF4C694}.Release|Any CPU.Build.0 = Release|Any CPU
	EndGlobalSection
	GlobalSection(SolutionProperties) = preSolution
		HideSolutionNode = FALSE
	EndGlobalSection
	GlobalSection(ExtensibilityGlobals) = postSolution
		SolutionGuid = {57AA156A-EE1A-417D-B064-874C96B0A48C}
	EndGlobalSection
EndGlobal
