
Microsoft Visual Studio Solution File, Format Version 12.00
# Visual Studio Version 17
VisualStudioVersion = 17.3.32929.385
MinimumVisualStudioVersion = 10.0.40219.1
Project("{FAE04EC0-301F-11D3-BF4B-00C04F79EFBC}") = "Kütüphane Yönetim Otomasyonu", "Kütüphane Yönetim Otomasyonu\Kütüphane Yönetim Otomasyonu.csproj", "{203BB84E-994A-4BF5-BE55-DB86A0015B52}"
EndProject
Global
	GlobalSection(SolutionConfigurationPlatforms) = preSolution
		Debug|Any CPU = Debug|Any CPU
		Release|Any CPU = Release|Any CPU
	EndGlobalSection
	GlobalSection(ProjectConfigurationPlatforms) = postSolution
		{203BB84E-994A-4BF5-BE55-DB86A0015B52}.Debug|Any CPU.ActiveCfg = Debug|Any CPU
		{203BB84E-994A-4BF5-BE55-DB86A0015B52}.Debug|Any CPU.Build.0 = Debug|Any CPU
		{203BB84E-994A-4BF5-BE55-DB86A0015B52}.Release|Any CPU.ActiveCfg = Release|Any CPU
		{203BB84E-994A-4BF5-BE55-DB86A0015B52}.Release|Any CPU.Build.0 = Release|Any CPU
	EndGlobalSection
	GlobalSection(SolutionProperties) = preSolution
		HideSolutionNode = FALSE
	EndGlobalSection
	GlobalSection(ExtensibilityGlobals) = postSolution
		SolutionGuid = {EC35F1AC-EEE7-4F55-96B4-C77B999E5F91}
	EndGlobalSection
EndGlobal
