
Microsoft Visual Studio Solution File, Format Version 12.00
# Visual Studio Version 17
VisualStudioVersion = 17.3.32901.215
MinimumVisualStudioVersion = 10.0.40219.1
Project("{FAE04EC0-301F-11D3-BF4B-00C04F79EFBC}") = "ConsoleApp1", "ConsoleApp1\ConsoleApp1.csproj", "{FC3FB534-E944-40CF-9823-428B1BA78873}"
EndProject
Global
	GlobalSection(SolutionConfigurationPlatforms) = preSolution
		Debug|Any CPU = Debug|Any CPU
		Release|Any CPU = Release|Any CPU
	EndGlobalSection
	GlobalSection(ProjectConfigurationPlatforms) = postSolution
		{FC3FB534-E944-40CF-9823-428B1BA78873}.Debug|Any CPU.ActiveCfg = Debug|Any CPU
		{FC3FB534-E944-40CF-9823-428B1BA78873}.Debug|Any CPU.Build.0 = Debug|Any CPU
		{FC3FB534-E944-40CF-9823-428B1BA78873}.Release|Any CPU.ActiveCfg = Release|Any CPU
		{FC3FB534-E944-40CF-9823-428B1BA78873}.Release|Any CPU.Build.0 = Release|Any CPU
	EndGlobalSection
	GlobalSection(SolutionProperties) = preSolution
		HideSolutionNode = FALSE
	EndGlobalSection
	GlobalSection(ExtensibilityGlobals) = postSolution
		SolutionGuid = {625FA450-E270-480F-963F-D34D07B89360}
	EndGlobalSection
EndGlobal
