
Microsoft Visual Studio Solution File, Format Version 12.00
# Visual Studio Version 17
VisualStudioVersion = 17.4.33103.184
MinimumVisualStudioVersion = 10.0.40219.1
Project("{FAE04EC0-301F-11D3-BF4B-00C04F79EFBC}") = "School", "School\School.csproj", "{9E3CC1A0-FC63-4A7B-9EB9-88C7E0066093}"
EndProject
Global
	GlobalSection(SolutionConfigurationPlatforms) = preSolution
		Debug|Any CPU = Debug|Any CPU
		Release|Any CPU = Release|Any CPU
	EndGlobalSection
	GlobalSection(ProjectConfigurationPlatforms) = postSolution
		{9E3CC1A0-FC63-4A7B-9EB9-88C7E0066093}.Debug|Any CPU.ActiveCfg = Debug|Any CPU
		{9E3CC1A0-FC63-4A7B-9EB9-88C7E0066093}.Debug|Any CPU.Build.0 = Debug|Any CPU
		{9E3CC1A0-FC63-4A7B-9EB9-88C7E0066093}.Release|Any CPU.ActiveCfg = Release|Any CPU
		{9E3CC1A0-FC63-4A7B-9EB9-88C7E0066093}.Release|Any CPU.Build.0 = Release|Any CPU
	EndGlobalSection
	GlobalSection(SolutionProperties) = preSolution
		HideSolutionNode = FALSE
	EndGlobalSection
	GlobalSection(ExtensibilityGlobals) = postSolution
		SolutionGuid = {0CD2E607-FF93-46C1-A20B-3251A5D7022A}
	EndGlobalSection
EndGlobal
