
Microsoft Visual Studio Solution File, Format Version 12.00
# Visual Studio Version 17
VisualStudioVersion = 17.3.32901.215
MinimumVisualStudioVersion = 10.0.40219.1
Project("{FAE04EC0-301F-11D3-BF4B-00C04F79EFBC}") = "Example001", "Ornek1\Example001.csproj", "{E0551F12-CDC0-4409-9BE6-DA4833D2EA1C}"
EndProject
Project("{FAE04EC0-301F-11D3-BF4B-00C04F79EFBC}") = "Example002", "Ornek2\Example002.csproj", "{44C1A9AE-3A93-4B8F-8B83-757A1B4204C1}"
EndProject
Project("{FAE04EC0-301F-11D3-BF4B-00C04F79EFBC}") = "Example003", "Ornek3\Example003.csproj", "{8A8BD856-0598-48E6-8806-519C79896033}"
EndProject
Project("{FAE04EC0-301F-11D3-BF4B-00C04F79EFBC}") = "Example004", "Ornek4\Example004.csproj", "{FC0BD0D9-86D6-4409-87EC-6A1303155ACE}"
EndProject
Project("{FAE04EC0-301F-11D3-BF4B-00C04F79EFBC}") = "Example005", "Ornek5\Example005.csproj", "{8B8E0D57-5DA7-4175-9454-475F286A767D}"
EndProject
Project("{FAE04EC0-301F-11D3-BF4B-00C04F79EFBC}") = "Example006", "Ornek6\Example006.csproj", "{F1157131-A49C-472C-B812-0CE3F2A3C68C}"
EndProject
Project("{FAE04EC0-301F-11D3-BF4B-00C04F79EFBC}") = "Example007", "Example7\Example007.csproj", "{66F4578F-9CCB-4F5E-B3D6-E3B54D5AE0F6}"
EndProject
Project("{FAE04EC0-301F-11D3-BF4B-00C04F79EFBC}") = "Example008", "Example8\Example008.csproj", "{715DFDD8-FF49-4783-A7E0-E6C808DD79B9}"
EndProject
Project("{FAE04EC0-301F-11D3-BF4B-00C04F79EFBC}") = "Example009", "Example9\Example009.csproj", "{4157DDFC-FCEB-4D9C-BD50-CBFC0FD2EAF8}"
EndProject
Project("{FAE04EC0-301F-11D3-BF4B-00C04F79EFBC}") = "Example010", "Example10\Example010.csproj", "{8E709155-AE6A-4A52-9AF2-CA915DD38C3A}"
EndProject
Project("{FAE04EC0-301F-11D3-BF4B-00C04F79EFBC}") = "Example011", "Example011\Example011.csproj", "{01FFE9A0-0146-4B94-A6F9-D9E7A9042703}"
EndProject
Project("{FAE04EC0-301F-11D3-BF4B-00C04F79EFBC}") = "Example012", "Example012\Example012.csproj", "{8C401451-6747-4A28-88B3-CCBE13AD437D}"
EndProject
Project("{FAE04EC0-301F-11D3-BF4B-00C04F79EFBC}") = "Example013", "Example013\Example013.csproj", "{DA37B605-AD95-45B5-99E7-177BDBFC8C82}"
EndProject
Project("{FAE04EC0-301F-11D3-BF4B-00C04F79EFBC}") = "Example014", "Example014\Example014.csproj", "{6EC8CDB0-4CBD-4104-970B-2AE8D0BB082D}"
EndProject
Project("{FAE04EC0-301F-11D3-BF4B-00C04F79EFBC}") = "Example015", "Example015\Example015.csproj", "{B618D3A2-272F-4912-B92E-575DC39BB76B}"
EndProject
Project("{FAE04EC0-301F-11D3-BF4B-00C04F79EFBC}") = "Example016", "Example016\Example016.csproj", "{F506FC3C-FC08-484C-9800-19591EB8B42A}"
EndProject
Project("{FAE04EC0-301F-11D3-BF4B-00C04F79EFBC}") = "Example017", "Example017\Example017.csproj", "{A8818B90-6C05-4E43-A2BA-EC2A0A956BD1}"
EndProject
Project("{FAE04EC0-301F-11D3-BF4B-00C04F79EFBC}") = "Example018", "Example018\Example018.csproj", "{1362F3D6-7524-49F9-9F70-F6BC9A3C4760}"
EndProject
Project("{FAE04EC0-301F-11D3-BF4B-00C04F79EFBC}") = "Example019", "Example019\Example019.csproj", "{0C7EB390-3F47-450A-9DED-DA93BAEE2884}"
EndProject
Project("{FAE04EC0-301F-11D3-BF4B-00C04F79EFBC}") = "Example020", "Example020\Example020.csproj", "{D506C82F-D74E-42B3-BC31-1CA9DDCE9113}"
EndProject
Project("{FAE04EC0-301F-11D3-BF4B-00C04F79EFBC}") = "Example021", "Example021\Example021.csproj", "{C39E6C27-A265-4CEA-AD7D-3CFEFA86C2D0}"
EndProject
Project("{FAE04EC0-301F-11D3-BF4B-00C04F79EFBC}") = "Example022", "Example022\Example022.csproj", "{C748B928-E2CA-45B2-B9B9-27DF3F9D88C6}"
EndProject
Project("{FAE04EC0-301F-11D3-BF4B-00C04F79EFBC}") = "Example023", "Example023\Example023.csproj", "{0CC3F6BA-1C49-4CA8-BA63-47D38986A882}"
EndProject
Project("{FAE04EC0-301F-11D3-BF4B-00C04F79EFBC}") = "Example024", "Example024\Example024.csproj", "{62530C29-D1B1-4F1E-8122-9787FD207F27}"
EndProject
Project("{FAE04EC0-301F-11D3-BF4B-00C04F79EFBC}") = "Example025", "Example025\Example025.csproj", "{46E1C30A-2A82-40A9-AC79-DA0687D9DA54}"
EndProject
Project("{FAE04EC0-301F-11D3-BF4B-00C04F79EFBC}") = "Example026", "Example026\Example026.csproj", "{68C77291-131A-4D81-AA68-3C1D1816502F}"
EndProject
Project("{FAE04EC0-301F-11D3-BF4B-00C04F79EFBC}") = "Example027", "Example027\Example027.csproj", "{1C343E02-AE5E-4E17-A81F-083245933283}"
EndProject
Project("{FAE04EC0-301F-11D3-BF4B-00C04F79EFBC}") = "Example028", "Example028\Example028.csproj", "{58AF8820-BD60-4652-8090-8BB5C3BC914C}"
EndProject
Project("{FAE04EC0-301F-11D3-BF4B-00C04F79EFBC}") = "Example029", "Example029\Example029.csproj", "{5561672F-5D05-4639-9623-33755EE51F41}"
EndProject
Project("{FAE04EC0-301F-11D3-BF4B-00C04F79EFBC}") = "Example030", "Example030\Example030.csproj", "{849F7094-1122-44E2-9F2C-910376005A5C}"
EndProject
Project("{FAE04EC0-301F-11D3-BF4B-00C04F79EFBC}") = "Example031", "Example031\Example031.csproj", "{9C0C87A1-A2E3-468C-928B-46466370F8EC}"
EndProject
Project("{FAE04EC0-301F-11D3-BF4B-00C04F79EFBC}") = "Example032", "Example032\Example032.csproj", "{8BF81D8F-61D1-4116-AC62-F8E13C820C51}"
EndProject
Project("{FAE04EC0-301F-11D3-BF4B-00C04F79EFBC}") = "Example033", "Example033\Example033.csproj", "{0E5F2723-ABE6-4A56-8237-90E6971991F4}"
EndProject
Project("{FAE04EC0-301F-11D3-BF4B-00C04F79EFBC}") = "Example034", "Example034\Example034.csproj", "{4392A45F-2430-480F-A530-03C2B371405F}"
EndProject
Project("{FAE04EC0-301F-11D3-BF4B-00C04F79EFBC}") = "Example035", "Example035\Example035.csproj", "{F9CECDF6-FC97-4C31-A3AA-61AD8BFAD8AB}"
EndProject
Project("{FAE04EC0-301F-11D3-BF4B-00C04F79EFBC}") = "Example036", "Example036\Example036.csproj", "{DC6E7C5D-294E-47E0-AC8F-7CB934E7E323}"
EndProject
Project("{FAE04EC0-301F-11D3-BF4B-00C04F79EFBC}") = "Example037", "Example037\Example037.csproj", "{584637DE-FB3D-429B-843E-2F643D558A33}"
EndProject
Project("{FAE04EC0-301F-11D3-BF4B-00C04F79EFBC}") = "Example038", "Example038\Example038.csproj", "{76CA1843-6B71-4D0D-AC7A-16706F384FDE}"
EndProject
Project("{FAE04EC0-301F-11D3-BF4B-00C04F79EFBC}") = "Example039", "Example039\Example039.csproj", "{8BFACDDA-8191-4A7E-8D86-7589239FAE91}"
EndProject
Global
	GlobalSection(SolutionConfigurationPlatforms) = preSolution
		Debug|Any CPU = Debug|Any CPU
		Release|Any CPU = Release|Any CPU
	EndGlobalSection
	GlobalSection(ProjectConfigurationPlatforms) = postSolution
		{E0551F12-CDC0-4409-9BE6-DA4833D2EA1C}.Debug|Any CPU.ActiveCfg = Debug|Any CPU
		{E0551F12-CDC0-4409-9BE6-DA4833D2EA1C}.Debug|Any CPU.Build.0 = Debug|Any CPU
		{E0551F12-CDC0-4409-9BE6-DA4833D2EA1C}.Release|Any CPU.ActiveCfg = Release|Any CPU
		{E0551F12-CDC0-4409-9BE6-DA4833D2EA1C}.Release|Any CPU.Build.0 = Release|Any CPU
		{44C1A9AE-3A93-4B8F-8B83-757A1B4204C1}.Debug|Any CPU.ActiveCfg = Debug|Any CPU
		{44C1A9AE-3A93-4B8F-8B83-757A1B4204C1}.Debug|Any CPU.Build.0 = Debug|Any CPU
		{44C1A9AE-3A93-4B8F-8B83-757A1B4204C1}.Release|Any CPU.ActiveCfg = Release|Any CPU
		{44C1A9AE-3A93-4B8F-8B83-757A1B4204C1}.Release|Any CPU.Build.0 = Release|Any CPU
		{8A8BD856-0598-48E6-8806-519C79896033}.Debug|Any CPU.ActiveCfg = Debug|Any CPU
		{8A8BD856-0598-48E6-8806-519C79896033}.Debug|Any CPU.Build.0 = Debug|Any CPU
		{8A8BD856-0598-48E6-8806-519C79896033}.Release|Any CPU.ActiveCfg = Release|Any CPU
		{8A8BD856-0598-48E6-8806-519C79896033}.Release|Any CPU.Build.0 = Release|Any CPU
		{FC0BD0D9-86D6-4409-87EC-6A1303155ACE}.Debug|Any CPU.ActiveCfg = Debug|Any CPU
		{FC0BD0D9-86D6-4409-87EC-6A1303155ACE}.Debug|Any CPU.Build.0 = Debug|Any CPU
		{FC0BD0D9-86D6-4409-87EC-6A1303155ACE}.Release|Any CPU.ActiveCfg = Release|Any CPU
		{FC0BD0D9-86D6-4409-87EC-6A1303155ACE}.Release|Any CPU.Build.0 = Release|Any CPU
		{8B8E0D57-5DA7-4175-9454-475F286A767D}.Debug|Any CPU.ActiveCfg = Debug|Any CPU
		{8B8E0D57-5DA7-4175-9454-475F286A767D}.Debug|Any CPU.Build.0 = Debug|Any CPU
		{8B8E0D57-5DA7-4175-9454-475F286A767D}.Release|Any CPU.ActiveCfg = Release|Any CPU
		{8B8E0D57-5DA7-4175-9454-475F286A767D}.Release|Any CPU.Build.0 = Release|Any CPU
		{F1157131-A49C-472C-B812-0CE3F2A3C68C}.Debug|Any CPU.ActiveCfg = Debug|Any CPU
		{F1157131-A49C-472C-B812-0CE3F2A3C68C}.Debug|Any CPU.Build.0 = Debug|Any CPU
		{F1157131-A49C-472C-B812-0CE3F2A3C68C}.Release|Any CPU.ActiveCfg = Release|Any CPU
		{F1157131-A49C-472C-B812-0CE3F2A3C68C}.Release|Any CPU.Build.0 = Release|Any CPU
		{66F4578F-9CCB-4F5E-B3D6-E3B54D5AE0F6}.Debug|Any CPU.ActiveCfg = Debug|Any CPU
		{66F4578F-9CCB-4F5E-B3D6-E3B54D5AE0F6}.Debug|Any CPU.Build.0 = Debug|Any CPU
		{66F4578F-9CCB-4F5E-B3D6-E3B54D5AE0F6}.Release|Any CPU.ActiveCfg = Release|Any CPU
		{66F4578F-9CCB-4F5E-B3D6-E3B54D5AE0F6}.Release|Any CPU.Build.0 = Release|Any CPU
		{715DFDD8-FF49-4783-A7E0-E6C808DD79B9}.Debug|Any CPU.ActiveCfg = Debug|Any CPU
		{715DFDD8-FF49-4783-A7E0-E6C808DD79B9}.Debug|Any CPU.Build.0 = Debug|Any CPU
		{715DFDD8-FF49-4783-A7E0-E6C808DD79B9}.Release|Any CPU.ActiveCfg = Release|Any CPU
		{715DFDD8-FF49-4783-A7E0-E6C808DD79B9}.Release|Any CPU.Build.0 = Release|Any CPU
		{4157DDFC-FCEB-4D9C-BD50-CBFC0FD2EAF8}.Debug|Any CPU.ActiveCfg = Debug|Any CPU
		{4157DDFC-FCEB-4D9C-BD50-CBFC0FD2EAF8}.Debug|Any CPU.Build.0 = Debug|Any CPU
		{4157DDFC-FCEB-4D9C-BD50-CBFC0FD2EAF8}.Release|Any CPU.ActiveCfg = Release|Any CPU
		{4157DDFC-FCEB-4D9C-BD50-CBFC0FD2EAF8}.Release|Any CPU.Build.0 = Release|Any CPU
		{8E709155-AE6A-4A52-9AF2-CA915DD38C3A}.Debug|Any CPU.ActiveCfg = Debug|Any CPU
		{8E709155-AE6A-4A52-9AF2-CA915DD38C3A}.Debug|Any CPU.Build.0 = Debug|Any CPU
		{8E709155-AE6A-4A52-9AF2-CA915DD38C3A}.Release|Any CPU.ActiveCfg = Release|Any CPU
		{8E709155-AE6A-4A52-9AF2-CA915DD38C3A}.Release|Any CPU.Build.0 = Release|Any CPU
		{01FFE9A0-0146-4B94-A6F9-D9E7A9042703}.Debug|Any CPU.ActiveCfg = Debug|Any CPU
		{01FFE9A0-0146-4B94-A6F9-D9E7A9042703}.Debug|Any CPU.Build.0 = Debug|Any CPU
		{01FFE9A0-0146-4B94-A6F9-D9E7A9042703}.Release|Any CPU.ActiveCfg = Release|Any CPU
		{01FFE9A0-0146-4B94-A6F9-D9E7A9042703}.Release|Any CPU.Build.0 = Release|Any CPU
		{8C401451-6747-4A28-88B3-CCBE13AD437D}.Debug|Any CPU.ActiveCfg = Debug|Any CPU
		{8C401451-6747-4A28-88B3-CCBE13AD437D}.Debug|Any CPU.Build.0 = Debug|Any CPU
		{8C401451-6747-4A28-88B3-CCBE13AD437D}.Release|Any CPU.ActiveCfg = Release|Any CPU
		{8C401451-6747-4A28-88B3-CCBE13AD437D}.Release|Any CPU.Build.0 = Release|Any CPU
		{DA37B605-AD95-45B5-99E7-177BDBFC8C82}.Debug|Any CPU.ActiveCfg = Debug|Any CPU
		{DA37B605-AD95-45B5-99E7-177BDBFC8C82}.Debug|Any CPU.Build.0 = Debug|Any CPU
		{DA37B605-AD95-45B5-99E7-177BDBFC8C82}.Release|Any CPU.ActiveCfg = Release|Any CPU
		{DA37B605-AD95-45B5-99E7-177BDBFC8C82}.Release|Any CPU.Build.0 = Release|Any CPU
		{6EC8CDB0-4CBD-4104-970B-2AE8D0BB082D}.Debug|Any CPU.ActiveCfg = Debug|Any CPU
		{6EC8CDB0-4CBD-4104-970B-2AE8D0BB082D}.Debug|Any CPU.Build.0 = Debug|Any CPU
		{6EC8CDB0-4CBD-4104-970B-2AE8D0BB082D}.Release|Any CPU.ActiveCfg = Release|Any CPU
		{6EC8CDB0-4CBD-4104-970B-2AE8D0BB082D}.Release|Any CPU.Build.0 = Release|Any CPU
		{B618D3A2-272F-4912-B92E-575DC39BB76B}.Debug|Any CPU.ActiveCfg = Debug|Any CPU
		{B618D3A2-272F-4912-B92E-575DC39BB76B}.Debug|Any CPU.Build.0 = Debug|Any CPU
		{B618D3A2-272F-4912-B92E-575DC39BB76B}.Release|Any CPU.ActiveCfg = Release|Any CPU
		{B618D3A2-272F-4912-B92E-575DC39BB76B}.Release|Any CPU.Build.0 = Release|Any CPU
		{F506FC3C-FC08-484C-9800-19591EB8B42A}.Debug|Any CPU.ActiveCfg = Debug|Any CPU
		{F506FC3C-FC08-484C-9800-19591EB8B42A}.Debug|Any CPU.Build.0 = Debug|Any CPU
		{F506FC3C-FC08-484C-9800-19591EB8B42A}.Release|Any CPU.ActiveCfg = Release|Any CPU
		{F506FC3C-FC08-484C-9800-19591EB8B42A}.Release|Any CPU.Build.0 = Release|Any CPU
		{A8818B90-6C05-4E43-A2BA-EC2A0A956BD1}.Debug|Any CPU.ActiveCfg = Debug|Any CPU
		{A8818B90-6C05-4E43-A2BA-EC2A0A956BD1}.Debug|Any CPU.Build.0 = Debug|Any CPU
		{A8818B90-6C05-4E43-A2BA-EC2A0A956BD1}.Release|Any CPU.ActiveCfg = Release|Any CPU
		{A8818B90-6C05-4E43-A2BA-EC2A0A956BD1}.Release|Any CPU.Build.0 = Release|Any CPU
		{1362F3D6-7524-49F9-9F70-F6BC9A3C4760}.Debug|Any CPU.ActiveCfg = Debug|Any CPU
		{1362F3D6-7524-49F9-9F70-F6BC9A3C4760}.Debug|Any CPU.Build.0 = Debug|Any CPU
		{1362F3D6-7524-49F9-9F70-F6BC9A3C4760}.Release|Any CPU.ActiveCfg = Release|Any CPU
		{1362F3D6-7524-49F9-9F70-F6BC9A3C4760}.Release|Any CPU.Build.0 = Release|Any CPU
		{0C7EB390-3F47-450A-9DED-DA93BAEE2884}.Debug|Any CPU.ActiveCfg = Debug|Any CPU
		{0C7EB390-3F47-450A-9DED-DA93BAEE2884}.Debug|Any CPU.Build.0 = Debug|Any CPU
		{0C7EB390-3F47-450A-9DED-DA93BAEE2884}.Release|Any CPU.ActiveCfg = Release|Any CPU
		{0C7EB390-3F47-450A-9DED-DA93BAEE2884}.Release|Any CPU.Build.0 = Release|Any CPU
		{D506C82F-D74E-42B3-BC31-1CA9DDCE9113}.Debug|Any CPU.ActiveCfg = Debug|Any CPU
		{D506C82F-D74E-42B3-BC31-1CA9DDCE9113}.Debug|Any CPU.Build.0 = Debug|Any CPU
		{D506C82F-D74E-42B3-BC31-1CA9DDCE9113}.Release|Any CPU.ActiveCfg = Release|Any CPU
		{D506C82F-D74E-42B3-BC31-1CA9DDCE9113}.Release|Any CPU.Build.0 = Release|Any CPU
		{C39E6C27-A265-4CEA-AD7D-3CFEFA86C2D0}.Debug|Any CPU.ActiveCfg = Debug|Any CPU
		{C39E6C27-A265-4CEA-AD7D-3CFEFA86C2D0}.Debug|Any CPU.Build.0 = Debug|Any CPU
		{C39E6C27-A265-4CEA-AD7D-3CFEFA86C2D0}.Release|Any CPU.ActiveCfg = Release|Any CPU
		{C39E6C27-A265-4CEA-AD7D-3CFEFA86C2D0}.Release|Any CPU.Build.0 = Release|Any CPU
		{C748B928-E2CA-45B2-B9B9-27DF3F9D88C6}.Debug|Any CPU.ActiveCfg = Debug|Any CPU
		{C748B928-E2CA-45B2-B9B9-27DF3F9D88C6}.Debug|Any CPU.Build.0 = Debug|Any CPU
		{C748B928-E2CA-45B2-B9B9-27DF3F9D88C6}.Release|Any CPU.ActiveCfg = Release|Any CPU
		{C748B928-E2CA-45B2-B9B9-27DF3F9D88C6}.Release|Any CPU.Build.0 = Release|Any CPU
		{0CC3F6BA-1C49-4CA8-BA63-47D38986A882}.Debug|Any CPU.ActiveCfg = Debug|Any CPU
		{0CC3F6BA-1C49-4CA8-BA63-47D38986A882}.Debug|Any CPU.Build.0 = Debug|Any CPU
		{0CC3F6BA-1C49-4CA8-BA63-47D38986A882}.Release|Any CPU.ActiveCfg = Release|Any CPU
		{0CC3F6BA-1C49-4CA8-BA63-47D38986A882}.Release|Any CPU.Build.0 = Release|Any CPU
		{62530C29-D1B1-4F1E-8122-9787FD207F27}.Debug|Any CPU.ActiveCfg = Debug|Any CPU
		{62530C29-D1B1-4F1E-8122-9787FD207F27}.Debug|Any CPU.Build.0 = Debug|Any CPU
		{62530C29-D1B1-4F1E-8122-9787FD207F27}.Release|Any CPU.ActiveCfg = Release|Any CPU
		{62530C29-D1B1-4F1E-8122-9787FD207F27}.Release|Any CPU.Build.0 = Release|Any CPU
		{46E1C30A-2A82-40A9-AC79-DA0687D9DA54}.Debug|Any CPU.ActiveCfg = Debug|Any CPU
		{46E1C30A-2A82-40A9-AC79-DA0687D9DA54}.Debug|Any CPU.Build.0 = Debug|Any CPU
		{46E1C30A-2A82-40A9-AC79-DA0687D9DA54}.Release|Any CPU.ActiveCfg = Release|Any CPU
		{46E1C30A-2A82-40A9-AC79-DA0687D9DA54}.Release|Any CPU.Build.0 = Release|Any CPU
		{68C77291-131A-4D81-AA68-3C1D1816502F}.Debug|Any CPU.ActiveCfg = Debug|Any CPU
		{68C77291-131A-4D81-AA68-3C1D1816502F}.Debug|Any CPU.Build.0 = Debug|Any CPU
		{68C77291-131A-4D81-AA68-3C1D1816502F}.Release|Any CPU.ActiveCfg = Release|Any CPU
		{68C77291-131A-4D81-AA68-3C1D1816502F}.Release|Any CPU.Build.0 = Release|Any CPU
		{1C343E02-AE5E-4E17-A81F-083245933283}.Debug|Any CPU.ActiveCfg = Debug|Any CPU
		{1C343E02-AE5E-4E17-A81F-083245933283}.Debug|Any CPU.Build.0 = Debug|Any CPU
		{1C343E02-AE5E-4E17-A81F-083245933283}.Release|Any CPU.ActiveCfg = Release|Any CPU
		{1C343E02-AE5E-4E17-A81F-083245933283}.Release|Any CPU.Build.0 = Release|Any CPU
		{58AF8820-BD60-4652-8090-8BB5C3BC914C}.Debug|Any CPU.ActiveCfg = Debug|Any CPU
		{58AF8820-BD60-4652-8090-8BB5C3BC914C}.Debug|Any CPU.Build.0 = Debug|Any CPU
		{58AF8820-BD60-4652-8090-8BB5C3BC914C}.Release|Any CPU.ActiveCfg = Release|Any CPU
		{58AF8820-BD60-4652-8090-8BB5C3BC914C}.Release|Any CPU.Build.0 = Release|Any CPU
		{5561672F-5D05-4639-9623-33755EE51F41}.Debug|Any CPU.ActiveCfg = Debug|Any CPU
		{5561672F-5D05-4639-9623-33755EE51F41}.Debug|Any CPU.Build.0 = Debug|Any CPU
		{5561672F-5D05-4639-9623-33755EE51F41}.Release|Any CPU.ActiveCfg = Release|Any CPU
		{5561672F-5D05-4639-9623-33755EE51F41}.Release|Any CPU.Build.0 = Release|Any CPU
		{849F7094-1122-44E2-9F2C-910376005A5C}.Debug|Any CPU.ActiveCfg = Debug|Any CPU
		{849F7094-1122-44E2-9F2C-910376005A5C}.Debug|Any CPU.Build.0 = Debug|Any CPU
		{849F7094-1122-44E2-9F2C-910376005A5C}.Release|Any CPU.ActiveCfg = Release|Any CPU
		{849F7094-1122-44E2-9F2C-910376005A5C}.Release|Any CPU.Build.0 = Release|Any CPU
		{9C0C87A1-A2E3-468C-928B-46466370F8EC}.Debug|Any CPU.ActiveCfg = Debug|Any CPU
		{9C0C87A1-A2E3-468C-928B-46466370F8EC}.Debug|Any CPU.Build.0 = Debug|Any CPU
		{9C0C87A1-A2E3-468C-928B-46466370F8EC}.Release|Any CPU.ActiveCfg = Release|Any CPU
		{9C0C87A1-A2E3-468C-928B-46466370F8EC}.Release|Any CPU.Build.0 = Release|Any CPU
		{8BF81D8F-61D1-4116-AC62-F8E13C820C51}.Debug|Any CPU.ActiveCfg = Debug|Any CPU
		{8BF81D8F-61D1-4116-AC62-F8E13C820C51}.Debug|Any CPU.Build.0 = Debug|Any CPU
		{8BF81D8F-61D1-4116-AC62-F8E13C820C51}.Release|Any CPU.ActiveCfg = Release|Any CPU
		{8BF81D8F-61D1-4116-AC62-F8E13C820C51}.Release|Any CPU.Build.0 = Release|Any CPU
		{0E5F2723-ABE6-4A56-8237-90E6971991F4}.Debug|Any CPU.ActiveCfg = Debug|Any CPU
		{0E5F2723-ABE6-4A56-8237-90E6971991F4}.Debug|Any CPU.Build.0 = Debug|Any CPU
		{0E5F2723-ABE6-4A56-8237-90E6971991F4}.Release|Any CPU.ActiveCfg = Release|Any CPU
		{0E5F2723-ABE6-4A56-8237-90E6971991F4}.Release|Any CPU.Build.0 = Release|Any CPU
		{4392A45F-2430-480F-A530-03C2B371405F}.Debug|Any CPU.ActiveCfg = Debug|Any CPU
		{4392A45F-2430-480F-A530-03C2B371405F}.Debug|Any CPU.Build.0 = Debug|Any CPU
		{4392A45F-2430-480F-A530-03C2B371405F}.Release|Any CPU.ActiveCfg = Release|Any CPU
		{4392A45F-2430-480F-A530-03C2B371405F}.Release|Any CPU.Build.0 = Release|Any CPU
		{F9CECDF6-FC97-4C31-A3AA-61AD8BFAD8AB}.Debug|Any CPU.ActiveCfg = Debug|Any CPU
		{F9CECDF6-FC97-4C31-A3AA-61AD8BFAD8AB}.Debug|Any CPU.Build.0 = Debug|Any CPU
		{F9CECDF6-FC97-4C31-A3AA-61AD8BFAD8AB}.Release|Any CPU.ActiveCfg = Release|Any CPU
		{F9CECDF6-FC97-4C31-A3AA-61AD8BFAD8AB}.Release|Any CPU.Build.0 = Release|Any CPU
		{DC6E7C5D-294E-47E0-AC8F-7CB934E7E323}.Debug|Any CPU.ActiveCfg = Debug|Any CPU
		{DC6E7C5D-294E-47E0-AC8F-7CB934E7E323}.Debug|Any CPU.Build.0 = Debug|Any CPU
		{DC6E7C5D-294E-47E0-AC8F-7CB934E7E323}.Release|Any CPU.ActiveCfg = Release|Any CPU
		{DC6E7C5D-294E-47E0-AC8F-7CB934E7E323}.Release|Any CPU.Build.0 = Release|Any CPU
		{584637DE-FB3D-429B-843E-2F643D558A33}.Debug|Any CPU.ActiveCfg = Debug|Any CPU
		{584637DE-FB3D-429B-843E-2F643D558A33}.Debug|Any CPU.Build.0 = Debug|Any CPU
		{584637DE-FB3D-429B-843E-2F643D558A33}.Release|Any CPU.ActiveCfg = Release|Any CPU
		{584637DE-FB3D-429B-843E-2F643D558A33}.Release|Any CPU.Build.0 = Release|Any CPU
		{76CA1843-6B71-4D0D-AC7A-16706F384FDE}.Debug|Any CPU.ActiveCfg = Debug|Any CPU
		{76CA1843-6B71-4D0D-AC7A-16706F384FDE}.Debug|Any CPU.Build.0 = Debug|Any CPU
		{76CA1843-6B71-4D0D-AC7A-16706F384FDE}.Release|Any CPU.ActiveCfg = Release|Any CPU
		{76CA1843-6B71-4D0D-AC7A-16706F384FDE}.Release|Any CPU.Build.0 = Release|Any CPU
		{8BFACDDA-8191-4A7E-8D86-7589239FAE91}.Debug|Any CPU.ActiveCfg = Debug|Any CPU
		{8BFACDDA-8191-4A7E-8D86-7589239FAE91}.Debug|Any CPU.Build.0 = Debug|Any CPU
		{8BFACDDA-8191-4A7E-8D86-7589239FAE91}.Release|Any CPU.ActiveCfg = Release|Any CPU
		{8BFACDDA-8191-4A7E-8D86-7589239FAE91}.Release|Any CPU.Build.0 = Release|Any CPU
	EndGlobalSection
	GlobalSection(SolutionProperties) = preSolution
		HideSolutionNode = FALSE
	EndGlobalSection
	GlobalSection(ExtensibilityGlobals) = postSolution
		SolutionGuid = {2FA0C41C-D2D8-4230-9CBE-A8A531AFE7C9}
	EndGlobalSection
EndGlobal
