
Microsoft Visual Studio Solution File, Format Version 12.00
# Visual Studio Version 17
VisualStudioVersion = 17.3.32929.385
MinimumVisualStudioVersion = 10.0.40219.1
Project("{FAE04EC0-301F-11D3-BF4B-00C04F79EFBC}") = "Banka-Uygulamasi", "Banka-Uygulamasi\Banka-Uygulamasi.csproj", "{FE38948E-25AB-4DF8-84A2-92557AD6FC5E}"
EndProject
Global
	GlobalSection(SolutionConfigurationPlatforms) = preSolution
		Debug|Any CPU = Debug|Any CPU
		Release|Any CPU = Release|Any CPU
	EndGlobalSection
	GlobalSection(ProjectConfigurationPlatforms) = postSolution
		{FE38948E-25AB-4DF8-84A2-92557AD6FC5E}.Debug|Any CPU.ActiveCfg = Debug|Any CPU
		{FE38948E-25AB-4DF8-84A2-92557AD6FC5E}.Debug|Any CPU.Build.0 = Debug|Any CPU
		{FE38948E-25AB-4DF8-84A2-92557AD6FC5E}.Release|Any CPU.ActiveCfg = Release|Any CPU
		{FE38948E-25AB-4DF8-84A2-92557AD6FC5E}.Release|Any CPU.Build.0 = Release|Any CPU
	EndGlobalSection
	GlobalSection(SolutionProperties) = preSolution
		HideSolutionNode = FALSE
	EndGlobalSection
	GlobalSection(ExtensibilityGlobals) = postSolution
		SolutionGuid = {C7FDE9CB-B518-4244-B17C-A1EEA5739951}
	EndGlobalSection
EndGlobal
