
Microsoft Visual Studio Solution File, Format Version 12.00
# Visual Studio Version 17
VisualStudioVersion = 17.3.32929.385
MinimumVisualStudioVersion = 10.0.40219.1
Project("{FAE04EC0-301F-11D3-BF4B-00C04F79EFBC}") = "Hesap Makinesi", "Hesap Makinesi\Hesap Makinesi.csproj", "{D8E705B4-34F3-41AD-B611-A422A217A06C}"
EndProject
Global
	GlobalSection(SolutionConfigurationPlatforms) = preSolution
		Debug|Any CPU = Debug|Any CPU
		Release|Any CPU = Release|Any CPU
	EndGlobalSection
	GlobalSection(ProjectConfigurationPlatforms) = postSolution
		{D8E705B4-34F3-41AD-B611-A422A217A06C}.Debug|Any CPU.ActiveCfg = Debug|Any CPU
		{D8E705B4-34F3-41AD-B611-A422A217A06C}.Debug|Any CPU.Build.0 = Debug|Any CPU
		{D8E705B4-34F3-41AD-B611-A422A217A06C}.Release|Any CPU.ActiveCfg = Release|Any CPU
		{D8E705B4-34F3-41AD-B611-A422A217A06C}.Release|Any CPU.Build.0 = Release|Any CPU
	EndGlobalSection
	GlobalSection(SolutionProperties) = preSolution
		HideSolutionNode = FALSE
	EndGlobalSection
	GlobalSection(ExtensibilityGlobals) = postSolution
		SolutionGuid = {421BE1A1-2195-4097-85A9-DA68D10A4496}
	EndGlobalSection
EndGlobal
