
Microsoft Visual Studio Solution File, Format Version 12.00
# Visual Studio Version 17
VisualStudioVersion = 17.3.32901.215
MinimumVisualStudioVersion = 10.0.40219.1
Project("{FAE04EC0-301F-11D3-BF4B-00C04F79EFBC}") = "ConsoleApp1", "ConsoleApp1\ConsoleApp1.csproj", "{4D25DAF0-92C8-49D4-9879-83BFB5C4D0EB}"
EndProject
Global
	GlobalSection(SolutionConfigurationPlatforms) = preSolution
		Debug|Any CPU = Debug|Any CPU
		Release|Any CPU = Release|Any CPU
	EndGlobalSection
	GlobalSection(ProjectConfigurationPlatforms) = postSolution
		{4D25DAF0-92C8-49D4-9879-83BFB5C4D0EB}.Debug|Any CPU.ActiveCfg = Debug|Any CPU
		{4D25DAF0-92C8-49D4-9879-83BFB5C4D0EB}.Debug|Any CPU.Build.0 = Debug|Any CPU
		{4D25DAF0-92C8-49D4-9879-83BFB5C4D0EB}.Release|Any CPU.ActiveCfg = Release|Any CPU
		{4D25DAF0-92C8-49D4-9879-83BFB5C4D0EB}.Release|Any CPU.Build.0 = Release|Any CPU
	EndGlobalSection
	GlobalSection(SolutionProperties) = preSolution
		HideSolutionNode = FALSE
	EndGlobalSection
	GlobalSection(ExtensibilityGlobals) = postSolution
		SolutionGuid = {A008C85B-3429-4571-9206-67EA8D49CEBB}
	EndGlobalSection
EndGlobal
