
Microsoft Visual Studio Solution File, Format Version 12.00
# Visual Studio Version 17
VisualStudioVersion = 17.3.32901.215
MinimumVisualStudioVersion = 10.0.40219.1
Project("{FAE04EC0-301F-11D3-BF4B-00C04F79EFBC}") = "hesap", "hesap\hesap.csproj", "{D728DE76-3056-4D45-A304-47581180B44A}"
EndProject
Global
	GlobalSection(SolutionConfigurationPlatforms) = preSolution
		Debug|Any CPU = Debug|Any CPU
		Release|Any CPU = Release|Any CPU
	EndGlobalSection
	GlobalSection(ProjectConfigurationPlatforms) = postSolution
		{D728DE76-3056-4D45-A304-47581180B44A}.Debug|Any CPU.ActiveCfg = Debug|Any CPU
		{D728DE76-3056-4D45-A304-47581180B44A}.Debug|Any CPU.Build.0 = Debug|Any CPU
		{D728DE76-3056-4D45-A304-47581180B44A}.Release|Any CPU.ActiveCfg = Release|Any CPU
		{D728DE76-3056-4D45-A304-47581180B44A}.Release|Any CPU.Build.0 = Release|Any CPU
	EndGlobalSection
	GlobalSection(SolutionProperties) = preSolution
		HideSolutionNode = FALSE
	EndGlobalSection
	GlobalSection(ExtensibilityGlobals) = postSolution
		SolutionGuid = {6C056E2A-DE6E-469B-AD0F-87942DF70507}
	EndGlobalSection
EndGlobal
