
Microsoft Visual Studio Solution File, Format Version 12.00
# Visual Studio Version 17
VisualStudioVersion = 17.3.32901.215
MinimumVisualStudioVersion = 10.0.40219.1
Project("{FAE04EC0-301F-11D3-BF4B-00C04F79EFBC}") = "ConsoleApp", "ConsoleApp\ConsoleApp.csproj", "{B954A78F-12E7-46F7-B6B5-8423E308E033}"
EndProject
Global
	GlobalSection(SolutionConfigurationPlatforms) = preSolution
		Debug|Any CPU = Debug|Any CPU
		Release|Any CPU = Release|Any CPU
	EndGlobalSection
	GlobalSection(ProjectConfigurationPlatforms) = postSolution
		{B954A78F-12E7-46F7-B6B5-8423E308E033}.Debug|Any CPU.ActiveCfg = Debug|Any CPU
		{B954A78F-12E7-46F7-B6B5-8423E308E033}.Debug|Any CPU.Build.0 = Debug|Any CPU
		{B954A78F-12E7-46F7-B6B5-8423E308E033}.Release|Any CPU.ActiveCfg = Release|Any CPU
		{B954A78F-12E7-46F7-B6B5-8423E308E033}.Release|Any CPU.Build.0 = Release|Any CPU
	EndGlobalSection
	GlobalSection(SolutionProperties) = preSolution
		HideSolutionNode = FALSE
	EndGlobalSection
	GlobalSection(ExtensibilityGlobals) = postSolution
		SolutionGuid = {19AC3E51-77D2-4942-8BB1-423E3638E4A5}
	EndGlobalSection
EndGlobal
