
Microsoft Visual Studio Solution File, Format Version 12.00
# Visual Studio Version 17
VisualStudioVersion = 17.3.32901.215
MinimumVisualStudioVersion = 10.0.40219.1
Project("{FAE04EC0-301F-11D3-BF4B-00C04F79EFBC}") = "WindowsForms10", "WindowsForms10\WindowsForms10.csproj", "{FE87051E-4409-41CC-8691-2EAAD36D3846}"
EndProject
Project("{FAE04EC0-301F-11D3-BF4B-00C04F79EFBC}") = "WindowsFormsHesapMakinesi", "WindowsFormsHesapMakinesi\WindowsFormsHesapMakinesi.csproj", "{380544A7-B0DE-4856-B876-5A07EF6B5F2E}"
EndProject
Global
	GlobalSection(SolutionConfigurationPlatforms) = preSolution
		Debug|Any CPU = Debug|Any CPU
		Release|Any CPU = Release|Any CPU
	EndGlobalSection
	GlobalSection(ProjectConfigurationPlatforms) = postSolution
		{FE87051E-4409-41CC-8691-2EAAD36D3846}.Debug|Any CPU.ActiveCfg = Debug|Any CPU
		{FE87051E-4409-41CC-8691-2EAAD36D3846}.Debug|Any CPU.Build.0 = Debug|Any CPU
		{FE87051E-4409-41CC-8691-2EAAD36D3846}.Release|Any CPU.ActiveCfg = Release|Any CPU
		{FE87051E-4409-41CC-8691-2EAAD36D3846}.Release|Any CPU.Build.0 = Release|Any CPU
		{380544A7-B0DE-4856-B876-5A07EF6B5F2E}.Debug|Any CPU.ActiveCfg = Debug|Any CPU
		{380544A7-B0DE-4856-B876-5A07EF6B5F2E}.Debug|Any CPU.Build.0 = Debug|Any CPU
		{380544A7-B0DE-4856-B876-5A07EF6B5F2E}.Release|Any CPU.ActiveCfg = Release|Any CPU
		{380544A7-B0DE-4856-B876-5A07EF6B5F2E}.Release|Any CPU.Build.0 = Release|Any CPU
	EndGlobalSection
	GlobalSection(SolutionProperties) = preSolution
		HideSolutionNode = FALSE
	EndGlobalSection
	GlobalSection(ExtensibilityGlobals) = postSolution
		SolutionGuid = {434DB840-F063-4896-B218-0C31DFDEB026}
	EndGlobalSection
EndGlobal
