
Microsoft Visual Studio Solution File, Format Version 12.00
# Visual Studio Version 17
VisualStudioVersion = 17.3.32929.385
MinimumVisualStudioVersion = 10.0.40219.1
Project("{FAE04EC0-301F-11D3-BF4B-00C04F79EFBC}") = "Hesap Makinesi", "Hesap Makinesi\Hesap Makinesi.csproj", "{86C389EA-1B9A-4524-B798-0A298638F5EC}"
EndProject
Global
	GlobalSection(SolutionConfigurationPlatforms) = preSolution
		Debug|Any CPU = Debug|Any CPU
		Release|Any CPU = Release|Any CPU
	EndGlobalSection
	GlobalSection(ProjectConfigurationPlatforms) = postSolution
		{86C389EA-1B9A-4524-B798-0A298638F5EC}.Debug|Any CPU.ActiveCfg = Debug|Any CPU
		{86C389EA-1B9A-4524-B798-0A298638F5EC}.Debug|Any CPU.Build.0 = Debug|Any CPU
		{86C389EA-1B9A-4524-B798-0A298638F5EC}.Release|Any CPU.ActiveCfg = Release|Any CPU
		{86C389EA-1B9A-4524-B798-0A298638F5EC}.Release|Any CPU.Build.0 = Release|Any CPU
	EndGlobalSection
	GlobalSection(SolutionProperties) = preSolution
		HideSolutionNode = FALSE
	EndGlobalSection
	GlobalSection(ExtensibilityGlobals) = postSolution
		SolutionGuid = {C5B55206-7AC3-4C8C-9525-3B2BB458CF68}
	EndGlobalSection
EndGlobal
